// !$*UTF8*$!
{
	objects = {

/* Begin PBXBuildFile section */
		4FEE694FB9263618B7BE11F4 /* main.cpp in Sources */ = {isa = PBXBuildFile; fileRef = 8E0A22BC51D5C3DE444B2908 /* main.cpp */; };
		D16910BAEE2C1AD62A940F64 /* main.cpp in Sources */ = {isa = PBXBuildFile; fileRef = 8E0A22BC51D5C3DE444B2908 /* main.cpp */; };
		9B1A773B502759B5D6CB6221 /* MOE.framework in CopyFiles */ = {isa = PBXBuildFile; fileRef = 76EB932A2F816DFDBA81A515 /* MOE.framework */; settings = {ATTRIBUTES = (CodeSignOnCopy, RemoveHeadersOnCopy, ); }; };
		398A32A1EB409C1F8239E560 /* MOE.framework in CopyFiles */ = {isa = PBXBuildFile; fileRef = 76EB932A2F816DFDBA81A515 /* MOE.framework */; settings = {ATTRIBUTES = (CodeSignOnCopy, RemoveHeadersOnCopy, ); }; };
		D042DBF13D955CCD4BB5BF15 /* MOE.framework in Frameworks */ = {isa = PBXBuildFile; fileRef = 76EB932A2F816DFDBA81A515 /* MOE.framework */; };
		D7AD0BF7209106DE5844BA37 /* MOE.framework in Frameworks */ = {isa = PBXBuildFile; fileRef = 76EB932A2F816DFDBA81A515 /* MOE.framework */; };
		07364D93235A634F7E7300C6 /* preregister.txt in Resources */ = {isa = PBXBuildFile; fileRef = CE26388895AB38538943B1F9 /* preregister.txt */; };
		D371805D8495C50CF7A22C68 /* preregister.txt in Resources */ = {isa = PBXBuildFile; fileRef = C4EAC1023FC116908CDC8D52 /* preregister.txt */; };
		6924ADF3576C16FF0FFC4227 /* application.jar in Resources */ = {isa = PBXBuildFile; fileRef = EF9B1B6D2555F184B9B8351C /* application.jar */; };
		472F1C4FF4CD17ECDE350050 /* application.jar in Resources */ = {isa = PBXBuildFile; fileRef = E00553D9BB071E67981E3981 /* application.jar */; };
		A5BA286F9444B4F310987D00 /* classlist.txt in Resources */ = {isa = PBXBuildFile; fileRef = CDC0FAD97E094C4FDDA874B4 /* classlist.txt */; };
		49E4F58DAD753E4CDD90133A /* Main.storyboard in Resources */ = {isa = PBXBuildFile; fileRef = 5BCF38452A76D757A5A1BDC2 /* Main.storyboard */; };
		CAF1256241AF344DE55AAEC1 /* Info.plist in Resources */ = {isa = PBXBuildFile; fileRef = 722BCE65F5EBE00AC6BD19A1 /* Info.plist */; };
		B6894E470D377E4AE0F3D895 /* Launch Screen.xib in Resources */ = {isa = PBXBuildFile; fileRef = 6BFDF9880E6219EBFD5129A3 /* Launch Screen.xib */; };
		AF4F396B4CBA363450CFC25E /* speaker_grill.png in Resources */ = {isa = PBXBuildFile; fileRef = 853E5EF6211CF062CC9CC285 /* speaker_grill.png */; };
		CC62D5E6848C735CC8F18A97 /* soundbar_plate_mono.png in Resources */ = {isa = PBXBuildFile; fileRef = 8E6F38ACF8932A8A4749F4F4 /* soundbar_plate_mono.png */; };
		5B9921FE6E2104737D706521 /* .gitinvisible in Resources */ = {isa = PBXBuildFile; fileRef = 344C5C232FFC79DBD35AF646 /* .gitinvisible */; };
/* End PBXBuildFile section */

/* Begin PBXCopyFilesBuildPhase section */
		A88C2722BB894BC2E8F4BD0D /* CopyFiles */ = {
			isa = PBXCopyFilesBuildPhase;
			buildActionMask = 2147483647;
			files = (
				9B1A773B502759B5D6CB6221 /* MOE.framework in CopyFiles */,
			);
			runOnlyForDeploymentPostprocessing = 0;
			dstPath = "";
			dstSubfolderSpec = 10;
			name = "Embed Frameworks";
		};
		93CFEDE9F2061E158627496D /* CopyFiles */ = {
			isa = PBXCopyFilesBuildPhase;
			buildActionMask = 2147483647;
			files = (
				398A32A1EB409C1F8239E560 /* MOE.framework in CopyFiles */,
			);
			runOnlyForDeploymentPostprocessing = 0;
			dstPath = "";
			dstSubfolderSpec = 10;
			name = "Embed Frameworks";
		};
/* End PBXCopyFilesBuildPhase section */

/* Begin PBXFileReference section */
		8E0A22BC51D5C3DE444B2908 /* main.cpp */ = {isa = PBXFileReference; lastKnownFileType = sourcecode.cpp.cpp; path = main.cpp; sourceTree = "<group>"; };
		BC7F0E15A63E3671BF7689FD /* build.xcconfig */ = {isa = PBXFileReference; lastKnownFileType = text.xcconfig; path = build.xcconfig; sourceTree = "<group>"; };
		61D88760003ED7AA0D212020 /* build.xcconfig */ = {isa = PBXFileReference; lastKnownFileType = text.xcconfig; path = build.xcconfig; sourceTree = "<group>"; };
		4EF1661F21AB55CCAEC482FF /* Info.plist */ = {isa = PBXFileReference; lastKnownFileType = text.plist.xml; path = ../src/main/resources/Info.plist; sourceTree = "<group>"; name = Info.plist; };
		682FE2C34B575342AE9DE1B6 /* Info-Test.plist */ = {isa = PBXFileReference; lastKnownFileType = text.plist.xml; path = "SpeakHere-Test/Info-Test.plist"; sourceTree = "<group>"; name = "Info-Test.plist"; };
		A02B98E285AF7F215C7AB8D3 /* SpeakHere.app */ = {isa = PBXFileReference; explicitFileType = wrapper.application; includeInIndex = 0; path = SpeakHere.app; sourceTree = BUILT_PRODUCTS_DIR; };
		F8DD457C2C469FAD4F320B3B /* SpeakHere-Test.app */ = {isa = PBXFileReference; explicitFileType = wrapper.application; includeInIndex = 0; path = "SpeakHere-Test.app"; sourceTree = BUILT_PRODUCTS_DIR; };
		76EB932A2F816DFDBA81A515 /* MOE.framework */ = {isa = PBXFileReference; lastKnownFileType = wrapper.framework; path = MOE.framework; sourceTree = MOE_FRAMEWORK_PATH; };
		CE26388895AB38538943B1F9 /* preregister.txt */ = {isa = PBXFileReference; lastKnownFileType = text; path = ../build/moe/main/preregister.txt; sourceTree = SOURCE_ROOT; name = preregister.txt; };
		C4EAC1023FC116908CDC8D52 /* preregister.txt */ = {isa = PBXFileReference; lastKnownFileType = text; path = ../build/moe/test/preregister.txt; sourceTree = SOURCE_ROOT; name = preregister.txt; };
		EF9B1B6D2555F184B9B8351C /* application.jar */ = {isa = PBXFileReference; lastKnownFileType = archive.jar; path = ../build/moe/main/application.jar; sourceTree = SOURCE_ROOT; name = application.jar; };
		E00553D9BB071E67981E3981 /* application.jar */ = {isa = PBXFileReference; lastKnownFileType = archive.jar; path = ../build/moe/test/application.jar; sourceTree = SOURCE_ROOT; name = application.jar; };
		CDC0FAD97E094C4FDDA874B4 /* classlist.txt */ = {isa = PBXFileReference; lastKnownFileType = text; path = ../build/moe/test/classlist.txt; sourceTree = SOURCE_ROOT; name = classlist.txt; };
		5BCF38452A76D757A5A1BDC2 /* Main.storyboard */ = {isa = PBXFileReference; lastKnownFileType = file.storyboard; path = ../src/main/resources/Main.storyboard; sourceTree = SOURCE_ROOT; name = Main.storyboard; };
		722BCE65F5EBE00AC6BD19A1 /* Info.plist */ = {isa = PBXFileReference; lastKnownFileType = text.plist.xml; path = ../src/main/resources/Info.plist; sourceTree = SOURCE_ROOT; name = Info.plist; };
		6BFDF9880E6219EBFD5129A3 /* Launch Screen.xib */ = {isa = PBXFileReference; lastKnownFileType = file.xib; path = "../src/main/resources/Launch Screen.xib"; sourceTree = SOURCE_ROOT; name = "Launch Screen.xib"; };
		853E5EF6211CF062CC9CC285 /* speaker_grill.png */ = {isa = PBXFileReference; lastKnownFileType = image.png; path = ../src/main/resources/speaker_grill.png; sourceTree = SOURCE_ROOT; name = speaker_grill.png; };
		8E6F38ACF8932A8A4749F4F4 /* soundbar_plate_mono.png */ = {isa = PBXFileReference; lastKnownFileType = image.png; path = ../src/main/resources/soundbar_plate_mono.png; sourceTree = SOURCE_ROOT; name = soundbar_plate_mono.png; };
		344C5C232FFC79DBD35AF646 /* .gitinvisible */ = {isa = PBXFileReference; lastKnownFileType = text; path = ../src/test/resources/.gitinvisible; sourceTree = SOURCE_ROOT; name = .gitinvisible; };
/* End PBXFileReference section */

/* Begin PBXFrameworksBuildPhase section */
		7324619E9543844EB0418298 /* Frameworks */ = {
			isa = PBXFrameworksBuildPhase;
			buildActionMask = 2147483647;
			files = (
				D042DBF13D955CCD4BB5BF15 /* MOE.framework in Frameworks */,
			);
			runOnlyForDeploymentPostprocessing = 0;
		};
		16AC1403B1D15038EFA74501 /* Frameworks */ = {
			isa = PBXFrameworksBuildPhase;
			buildActionMask = 2147483647;
			files = (
				D7AD0BF7209106DE5844BA37 /* MOE.framework in Frameworks */,
			);
			runOnlyForDeploymentPostprocessing = 0;
		};
/* End PBXFrameworksBuildPhase section */

/* Begin PBXGroup section */
		FD58934CC81DC6ABAAC9AE1D /* SpeakHere */ = {
			isa = PBXGroup;
			name = SpeakHere;
			path = SpeakHere;
			sourceTree = "<group>";
			children = (
				BB946BB100DF2A69A8330A49 /* Supporting Files */,
			);
		};
		BB946BB100DF2A69A8330A49 /* Supporting Files */ = {
			isa = PBXGroup;
			name = "Supporting Files";
			sourceTree = "<group>";
			children = (
				8E0A22BC51D5C3DE444B2908 /* main.cpp */,
				BC7F0E15A63E3671BF7689FD /* build.xcconfig */,
				4EF1661F21AB55CCAEC482FF /* Info.plist */,
				CE26388895AB38538943B1F9 /* preregister.txt */,
				EF9B1B6D2555F184B9B8351C /* application.jar */,
				5BCF38452A76D757A5A1BDC2 /* Main.storyboard */,
				722BCE65F5EBE00AC6BD19A1 /* Info.plist */,
				6BFDF9880E6219EBFD5129A3 /* Launch Screen.xib */,
				853E5EF6211CF062CC9CC285 /* speaker_grill.png */,
				8E6F38ACF8932A8A4749F4F4 /* soundbar_plate_mono.png */,
			);
		};
		9A6A9C24C197803A7CFA5A4E /* SpeakHere-Test */ = {
			isa = PBXGroup;
			name = "SpeakHere-Test";
			path = "SpeakHere-Test";
			sourceTree = "<group>";
			children = (
				EA736D8D1A24138E0CCC9A88 /* Supporting Files */,
			);
		};
		EA736D8D1A24138E0CCC9A88 /* Supporting Files */ = {
			isa = PBXGroup;
			name = "Supporting Files";
			sourceTree = "<group>";
			children = (
				61D88760003ED7AA0D212020 /* build.xcconfig */,
				682FE2C34B575342AE9DE1B6 /* Info-Test.plist */,
				C4EAC1023FC116908CDC8D52 /* preregister.txt */,
				E00553D9BB071E67981E3981 /* application.jar */,
				CDC0FAD97E094C4FDDA874B4 /* classlist.txt */,
				344C5C232FFC79DBD35AF646 /* .gitinvisible */,
			);
		};
		6445E4E78B13A7D984F2F392 = {
			isa = PBXGroup;
			sourceTree = "<group>";
			children = (
				FD58934CC81DC6ABAAC9AE1D /* SpeakHere */,
				9A6A9C24C197803A7CFA5A4E /* SpeakHere-Test */,
				FD31F43ACF1F08FB55D3EC7D /* Frameworks */,
				BEA0242E3598FCEEEBFD043B /* Products */,
			);
		};
		BEA0242E3598FCEEEBFD043B /* Products */ = {
			isa = PBXGroup;
			name = Products;
			path = Products;
			sourceTree = "<group>";
			children = (
				A02B98E285AF7F215C7AB8D3 /* SpeakHere.app */,
				F8DD457C2C469FAD4F320B3B /* SpeakHere-Test.app */,
			);
		};
		FD31F43ACF1F08FB55D3EC7D /* Frameworks */ = {
			isa = PBXGroup;
			name = Frameworks;
			path = Frameworks;
			sourceTree = "<group>";
			children = (
				76EB932A2F816DFDBA81A515 /* MOE.framework */,
			);
		};
/* End PBXGroup section */

/* Begin PBXNativeTarget section */
		043CC30D7A9B8A15FAD39B20 /* SpeakHere */ = {
			isa = PBXNativeTarget;
			name = SpeakHere;
			productName = SpeakHere;
			productType = "com.apple.product-type.application";
			buildConfigurationList = EA1BA2D173355590B10ED64F /* Build configuration list for PBXNativeTarget "SpeakHere" */;
			buildPhases = (
				163F863AD261495F9F216CF2 /* Compile Sources (MOE) */,
				7324619E9543844EB0418298 /* Frameworks */,
				EB78CA730195CE6A2462ECE1 /* Resources */,
				061E610B53D55B548E8F8358 /* Sources */,
				A88C2722BB894BC2E8F4BD0D /* CopyFiles */,
			);
			productReference = A02B98E285AF7F215C7AB8D3 /* SpeakHere.app */;
		};
		79906448962F2EC213AFAAD3 /* SpeakHere-Test */ = {
			isa = PBXNativeTarget;
			name = "SpeakHere-Test";
			productName = "SpeakHere-Test";
			productType = "com.apple.product-type.application";
			buildConfigurationList = EF5FEDB385BD4C6BC8930340 /* Build configuration list for PBXNativeTarget "SpeakHere-Test" */;
			buildPhases = (
				230C16EE6D730EC2FC612D50 /* Compile Sources (MOE) */,
				16AC1403B1D15038EFA74501 /* Frameworks */,
				3722931A69886E41CE7A5402 /* Resources */,
				FBABEDCD2B05E56314FB4D2E /* Sources */,
				93CFEDE9F2061E158627496D /* CopyFiles */,
			);
			productReference = F8DD457C2C469FAD4F320B3B /* SpeakHere-Test.app */;
		};
/* End PBXNativeTarget section */

/* Begin PBXProject section */
		98D88D1255AD6E1EEBF7FF7E /* Project object */ = {
			isa = PBXProject;
			attributes = {
				ORGANIZATIONNAME = "";
			};
			compatibilityVersion = "Xcode 3.2";
			developmentRegion = English;
			hasScannedForEncodings = 0;
			knownRegions = (
				en,
				Base,
			);
			mainGroup = 6445E4E78B13A7D984F2F392;
			productRefGroup = BEA0242E3598FCEEEBFD043B /* Products */;
			projectDirPath = "";
			projectRoot = "";
			targets = (
				043CC30D7A9B8A15FAD39B20 /* SpeakHere */,
				79906448962F2EC213AFAAD3 /* SpeakHere-Test */,
			);
			buildConfigurationList = 834D89408084A52967402A58 /* Build configuration list for PBXProject "SpeakHere" */;
		};
/* End PBXProject section */

/* Begin PBXResourcesBuildPhase section */
		EB78CA730195CE6A2462ECE1 /* Resources */ = {
			isa = PBXResourcesBuildPhase;
			buildActionMask = 2147483647;
			files = (
				07364D93235A634F7E7300C6 /* preregister.txt in Resources */,
				6924ADF3576C16FF0FFC4227 /* application.jar in Resources */,
				49E4F58DAD753E4CDD90133A /* Main.storyboard in Resources */,
				CAF1256241AF344DE55AAEC1 /* Info.plist in Resources */,
				B6894E470D377E4AE0F3D895 /* Launch Screen.xib in Resources */,
				AF4F396B4CBA363450CFC25E /* speaker_grill.png in Resources */,
				CC62D5E6848C735CC8F18A97 /* soundbar_plate_mono.png in Resources */,
			);
			runOnlyForDeploymentPostprocessing = 0;
		};
		3722931A69886E41CE7A5402 /* Resources */ = {
			isa = PBXResourcesBuildPhase;
			buildActionMask = 2147483647;
			files = (
				D371805D8495C50CF7A22C68 /* preregister.txt in Resources */,
				472F1C4FF4CD17ECDE350050 /* application.jar in Resources */,
				A5BA286F9444B4F310987D00 /* classlist.txt in Resources */,
				5B9921FE6E2104737D706521 /* .gitinvisible in Resources */,
			);
			runOnlyForDeploymentPostprocessing = 0;
		};
/* End PBXResourcesBuildPhase section */

/* Begin PBXShellScriptBuildPhase section */
		163F863AD261495F9F216CF2 /* Compile Sources (MOE) */ = {
			isa = PBXShellScriptBuildPhase;
			buildActionMask = 2147483647;
			files = (
			);
			inputPaths = (
			);
			outputPaths = (
			);
			runOnlyForDeploymentPostprocessing = 0;
			name = "Compile Sources (MOE)";
			shellPath = /bin/bash;
			shellScript = "cd \"${SRCROOT}/..\"\n\nexport JAVA_HOME=$(/usr/libexec/java_home -v 1.8)\njava -version\n\n########################\n# Find Gradle\n########################\nfunction findGradle {\n\tCD=\"$PWD\"\n\twhile [ \"$CD\" != \"\" ]; do\n\t\techo \"Looking for gradlew in $CD\"\n\t\tif [ -x \"$CD/gradlew\" ]; then\n\t\t\tGRADLE_EXEC=$CD/gradlew\n\t\t\treturn 0\n\t\tfi\n\t\tCD=\"${CD%/*}\"\n\tdone\n\n\tDEFAULT_PATH=$(echo $PATH)\n\tsource ~/.bash_profile\n\texport PATH=$PATH:DEFAULT_PATH\n\n\techo \"Checking with 'which'\"\n\tGRADLE_EXEC=$(which 'gradle')\n\n\tif [ \"$GRADLE_EXEC\" = \"\" ]; then\n\t\techo \"Falling back to '/usr/local/bin/gradle'\"\n\t\tGRADLE_EXEC=/usr/local/bin/gradle\n\tfi\n}\n########################\n# Execute Gradle build\n########################\nif [ -z \"$MOE_GRADLE_EXTERNAL_BUILD\" ]; then\n    findGradle\n\n    \"$GRADLE_EXEC\" --daemon moeXcodeInternal\nfi\n";
		};
		230C16EE6D730EC2FC612D50 /* Compile Sources (MOE) */ = {
			isa = PBXShellScriptBuildPhase;
			buildActionMask = 2147483647;
			files = (
			);
			inputPaths = (
			);
			outputPaths = (
			);
			runOnlyForDeploymentPostprocessing = 0;
			name = "Compile Sources (MOE)";
			shellPath = /bin/bash;
			shellScript = "cd \"${SRCROOT}/..\"\n\nexport JAVA_HOME=$(/usr/libexec/java_home -v 1.8)\njava -version\n\n########################\n# Find Gradle\n########################\nfunction findGradle {\n\tCD=\"$PWD\"\n\twhile [ \"$CD\" != \"\" ]; do\n\t\techo \"Looking for gradlew in $CD\"\n\t\tif [ -x \"$CD/gradlew\" ]; then\n\t\t\tGRADLE_EXEC=$CD/gradlew\n\t\t\treturn 0\n\t\tfi\n\t\tCD=\"${CD%/*}\"\n\tdone\n\n\tDEFAULT_PATH=$(echo $PATH)\n\tsource ~/.bash_profile\n\texport PATH=$PATH:DEFAULT_PATH\n\n\techo \"Checking with 'which'\"\n\tGRADLE_EXEC=$(which 'gradle')\n\n\tif [ \"$GRADLE_EXEC\" = \"\" ]; then\n\t\techo \"Falling back to '/usr/local/bin/gradle'\"\n\t\tGRADLE_EXEC=/usr/local/bin/gradle\n\tfi\n}\n########################\n# Execute Gradle build\n########################\nif [ -z \"$MOE_GRADLE_EXTERNAL_BUILD\" ]; then\n    findGradle\n\n    export MOE_BUILD_SOURCE_SET=test\n    \"$GRADLE_EXEC\" --daemon moeXcodeInternal\nfi\n";
		};
/* End PBXShellScriptBuildPhase section */

/* Begin PBXSourcesBuildPhase section */
		061E610B53D55B548E8F8358 /* Sources */ = {
			isa = PBXSourcesBuildPhase;
			buildActionMask = 2147483647;
			files = (
				4FEE694FB9263618B7BE11F4 /* main.cpp in Sources */,
			);
			runOnlyForDeploymentPostprocessing = 0;
		};
		FBABEDCD2B05E56314FB4D2E /* Sources */ = {
			isa = PBXSourcesBuildPhase;
			buildActionMask = 2147483647;
			files = (
				D16910BAEE2C1AD62A940F64 /* main.cpp in Sources */,
			);
			runOnlyForDeploymentPostprocessing = 0;
		};
/* End PBXSourcesBuildPhase section */

/* Begin XCBuildConfiguration section */
		51179A7A6E677BF63600DC8F /* Debug */ = {
			isa = XCBuildConfiguration;
			name = Debug;
			buildSettings = {
				DEAD_CODE_STRIPPING = NO;
				EMBEDDED_CONTENT_CONTAINS_SWIFT = NO;
				FRAMEWORK_SEARCH_PATHS = "$(inherited)";
				LD_RUNPATH_SEARCH_PATHS = "$(inherited) @executable_path/Frameworks";
				OTHER_LDFLAGS = "${MOE_OTHER_LDFLAGS}";
				PRODUCT_NAME = SpeakHere;
				STRIP_STYLE = "non-global";
				INFOPLIST_FILE = ../src/main/resources/Info.plist;
			};
			baseConfigurationReference = BC7F0E15A63E3671BF7689FD /* build.xcconfig */;
		};
		8A95F2281CBCC3FA6E466019 /* Release */ = {
			isa = XCBuildConfiguration;
			name = Release;
			buildSettings = {
				DEAD_CODE_STRIPPING = NO;
				EMBEDDED_CONTENT_CONTAINS_SWIFT = NO;
				FRAMEWORK_SEARCH_PATHS = "$(inherited)";
				LD_RUNPATH_SEARCH_PATHS = "$(inherited) @executable_path/Frameworks";
				OTHER_LDFLAGS = "${MOE_OTHER_LDFLAGS}";
				PRODUCT_NAME = SpeakHere;
				STRIP_STYLE = "non-global";
				INFOPLIST_FILE = ../src/main/resources/Info.plist;
			};
			baseConfigurationReference = BC7F0E15A63E3671BF7689FD /* build.xcconfig */;
		};
		07CA5E29C406222F0486620D /* Debug */ = {
			isa = XCBuildConfiguration;
			name = Debug;
			buildSettings = {
				DEAD_CODE_STRIPPING = NO;
				EMBEDDED_CONTENT_CONTAINS_SWIFT = NO;
				FRAMEWORK_SEARCH_PATHS = "$(inherited)";
				LD_RUNPATH_SEARCH_PATHS = "$(inherited) @executable_path/Frameworks";
				OTHER_LDFLAGS = "${MOE_OTHER_LDFLAGS}";
				PRODUCT_NAME = "SpeakHere-Test";
				STRIP_STYLE = "non-global";
				INFOPLIST_FILE = "Info-Test.plist";
			};
			baseConfigurationReference = 61D88760003ED7AA0D212020 /* build.xcconfig */;
		};
		AA214C66DAA83D02C22B7389 /* Release */ = {
			isa = XCBuildConfiguration;
			name = Release;
			buildSettings = {
				DEAD_CODE_STRIPPING = NO;
				EMBEDDED_CONTENT_CONTAINS_SWIFT = NO;
				FRAMEWORK_SEARCH_PATHS = "$(inherited)";
				LD_RUNPATH_SEARCH_PATHS = "$(inherited) @executable_path/Frameworks";
				OTHER_LDFLAGS = "${MOE_OTHER_LDFLAGS}";
				PRODUCT_NAME = "SpeakHere-Test";
				STRIP_STYLE = "non-global";
				INFOPLIST_FILE = "Info-Test.plist";
			};
			baseConfigurationReference = 61D88760003ED7AA0D212020 /* build.xcconfig */;
		};
		F246C2ED5F811A37E073A5F5 /* Debug */ = {
			isa = XCBuildConfiguration;
			name = Debug;
			buildSettings = {
				ALWAYS_SEARCH_USER_PATHS = NO;
				CLANG_CXX_LANGUAGE_STANDARD = "gnu++0x";
				CLANG_CXX_LIBRARY = "libc++";
				CLANG_ENABLE_MODULES = YES;
				CLANG_ENABLE_OBJC_ARC = YES;
				CLANG_WARN_BOOL_CONVERSION = YES;
				CLANG_WARN_CONSTANT_CONVERSION = YES;
				CLANG_WARN_DIRECT_OBJC_ISA_USAGE = YES_ERROR;
				CLANG_WARN_EMPTY_BODY = YES;
				CLANG_WARN_ENUM_CONVERSION = YES;
				CLANG_WARN_INT_CONVERSION = YES;
				CLANG_WARN_OBJC_ROOT_CLASS = YES_ERROR;
				CLANG_WARN_UNREACHABLE_CODE = YES;
				CLANG_WARN__DUPLICATE_METHOD_MATCH = YES;
				"CODE_SIGN_IDENTITY[sdk=iphoneos*]" = "iPhone Developer";
				ENABLE_STRICT_OBJC_MSGSEND = YES;
				FRAMEWORK_SEARCH_PATHS = (
					"$(inherited)",
					"${MOE_FRAMEWORK_PATH}",
				);
				GCC_C_LANGUAGE_STANDARD = gnu99;
				GCC_WARN_64_TO_32_BIT_CONVERSION = YES;
				GCC_WARN_ABOUT_RETURN_TYPE = YES_ERROR;
				GCC_WARN_UNDECLARED_SELECTOR = YES;
				GCC_WARN_UNINITIALIZED_AUTOS = YES_AGGRESSIVE;
				GCC_WARN_UNUSED_FUNCTION = YES;
				GCC_WARN_UNUSED_VARIABLE = YES;
				IPHONEOS_DEPLOYMENT_TARGET = "";
				LD_RUNPATH_SEARCH_PATHS = "$(inherited) @executable_path/Frameworks";
				SDKROOT = iphoneos;
				TARGETED_DEVICE_FAMILY = "1,2";
				SYMROOT = "/Volumes/res/Roland-git/moe-objc-java-samples/SpeakHere/build/moe/xcodebuild/sym";
				COPY_PHASE_STRIP = NO;
				GCC_DYNAMIC_NO_PIC = NO;
				GCC_OPTIMIZATION_LEVEL = 0;
				GCC_PREPROCESSOR_DEFINITIONS = (
					"DEBUG=1",
					"$(inherited)",
				);
				GCC_SYMBOLS_PRIVATE_EXTERN = NO;
				MTL_ENABLE_DEBUG_INFO = YES;
			};
		};
		0F99BB1FB4D41E492C2BCA69 /* Release */ = {
			isa = XCBuildConfiguration;
			name = Release;
			buildSettings = {
				ALWAYS_SEARCH_USER_PATHS = NO;
				CLANG_CXX_LANGUAGE_STANDARD = "gnu++0x";
				CLANG_CXX_LIBRARY = "libc++";
				CLANG_ENABLE_MODULES = YES;
				CLANG_ENABLE_OBJC_ARC = YES;
				CLANG_WARN_BOOL_CONVERSION = YES;
				CLANG_WARN_CONSTANT_CONVERSION = YES;
				CLANG_WARN_DIRECT_OBJC_ISA_USAGE = YES_ERROR;
				CLANG_WARN_EMPTY_BODY = YES;
				CLANG_WARN_ENUM_CONVERSION = YES;
				CLANG_WARN_INT_CONVERSION = YES;
				CLANG_WARN_OBJC_ROOT_CLASS = YES_ERROR;
				CLANG_WARN_UNREACHABLE_CODE = YES;
				CLANG_WARN__DUPLICATE_METHOD_MATCH = YES;
				"CODE_SIGN_IDENTITY[sdk=iphoneos*]" = "iPhone Developer";
				ENABLE_STRICT_OBJC_MSGSEND = YES;
				FRAMEWORK_SEARCH_PATHS = (
					"$(inherited)",
					"${MOE_FRAMEWORK_PATH}",
				);
				GCC_C_LANGUAGE_STANDARD = gnu99;
				GCC_WARN_64_TO_32_BIT_CONVERSION = YES;
				GCC_WARN_ABOUT_RETURN_TYPE = YES_ERROR;
				GCC_WARN_UNDECLARED_SELECTOR = YES;
				GCC_WARN_UNINITIALIZED_AUTOS = YES_AGGRESSIVE;
				GCC_WARN_UNUSED_FUNCTION = YES;
				GCC_WARN_UNUSED_VARIABLE = YES;
				IPHONEOS_DEPLOYMENT_TARGET = "";
				LD_RUNPATH_SEARCH_PATHS = "$(inherited) @executable_path/Frameworks";
				SDKROOT = iphoneos;
				TARGETED_DEVICE_FAMILY = "1,2";
				SYMROOT = "/Volumes/res/Roland-git/moe-objc-java-samples/SpeakHere/build/moe/xcodebuild/sym";
				COPY_PHASE_STRIP = YES;
				ENABLE_NS_ASSERTIONS = NO;
				MTL_ENABLE_DEBUG_INFO = NO;
				VALIDATE_PRODUCT = YES;
			};
		};
/* End XCBuildConfiguration section */

/* Begin XCConfigurationList section */
		EA1BA2D173355590B10ED64F /* Build configuration list for PBXNativeTarget "SpeakHere" */ = {
			isa = XCConfigurationList;
			defaultConfigurationIsVisible = 0;
			buildConfigurations = (
				51179A7A6E677BF63600DC8F /* Debug */,
				8A95F2281CBCC3FA6E466019 /* Release */,
			);
		};
		EF5FEDB385BD4C6BC8930340 /* Build configuration list for PBXNativeTarget "SpeakHere-Test" */ = {
			isa = XCConfigurationList;
			defaultConfigurationIsVisible = 0;
			buildConfigurations = (
				07CA5E29C406222F0486620D /* Debug */,
				AA214C66DAA83D02C22B7389 /* Release */,
			);
		};
		834D89408084A52967402A58 /* Build configuration list for PBXProject "SpeakHere" */ = {
			isa = XCConfigurationList;
			defaultConfigurationIsVisible = 0;
			defaultConfigurationName = Release;
			buildConfigurations = (
				F246C2ED5F811A37E073A5F5 /* Debug */,
				0F99BB1FB4D41E492C2BCA69 /* Release */,
			);
		};
/* End XCConfigurationList section */
	};
	archiveVersion = 1;
	objectVersion = 46;
	classes = {
	};
	rootObject = 98D88D1255AD6E1EEBF7FF7E /* Project object */;
}
