// !$*UTF8*$!
{
	archiveVersion = 1;
	classes = {
	};
	objectVersion = 46;
	objects = {

/* Begin PBXBuildFile section */
		08821C8984431B649527BCE6 /* application.jar in Resources */ = {isa = PBXBuildFile; fileRef = E5D3D17F3ED7890AA9B35C7A /* application.jar */; };
		0ADC0D5C985464835FCB90E0 /* .gitinvisible in Resources */ = {isa = PBXBuildFile; fileRef = CB446957E7746CD7D11D9EC5 /* .gitinvisible */; };
		130EA9CF0CCD2F2053D313C5 /* preregister.txt in Resources */ = {isa = PBXBuildFile; fileRef = BD43ADD0728C610B830D6EAC /* preregister.txt */; };
		1366AFED371C007E4EFE4D04 /* Launch Screen.xib in Resources */ = {isa = PBXBuildFile; fileRef = AA2EF7E8B5549494DC04A55C /* Launch Screen.xib */; };
		152857078AAF11C4A2FFCC09 /* application.jar in Resources */ = {isa = PBXBuildFile; fileRef = F380E6810E058FFF06B6A76D /* application.jar */; };
		16484146B0A6F37E67CD014F /* main.cpp in Sources */ = {isa = PBXBuildFile; fileRef = 7A1B8086574D94659F4C0EDC /* main.cpp */; };
		172584C6B3F1EFBBE9112902 /* classlist.txt in Resources */ = {isa = PBXBuildFile; fileRef = 0ED993BBF620EE64AD7C2737 /* classlist.txt */; };
		3D9A2C1E824A00F0830E422A /* preregister.txt in Resources */ = {isa = PBXBuildFile; fileRef = 640729ED25B818C72EC3110F /* preregister.txt */; };
		58CB9FF3E629962B85A3F9C7 /* Main.storyboard in Resources */ = {isa = PBXBuildFile; fileRef = B826DEF986B985D84F3A8E6F /* Main.storyboard */; };
		610C43A1E0EEB1869E5F4BFD /* MOE.framework in Frameworks */ = {isa = PBXBuildFile; fileRef = 3B3741918F77BD819230D36A /* MOE.framework */; };
		8ACA65C9403D295E95A0C0D9 /* main.cpp in Sources */ = {isa = PBXBuildFile; fileRef = 7A1B8086574D94659F4C0EDC /* main.cpp */; };
		AEF55FFDBA2129ED44B23ED4 /* MOE.framework in Embed Frameworks */ = {isa = PBXBuildFile; fileRef = 3B3741918F77BD819230D36A /* MOE.framework */; settings = {ATTRIBUTES = (CodeSignOnCopy, RemoveHeadersOnCopy, ); }; };
		B602F1EB3BDDE8480BB75E15 /* MOE.framework in Embed Frameworks */ = {isa = PBXBuildFile; fileRef = 3B3741918F77BD819230D36A /* MOE.framework */; settings = {ATTRIBUTES = (CodeSignOnCopy, RemoveHeadersOnCopy, ); }; };
		C6390261200D72B11E530FC6 /* Info.plist in Resources */ = {isa = PBXBuildFile; fileRef = 1BF1337A2DE71646075E8C7D /* Info.plist */; };
		C975FFE41CE1DCB300BC4B0A /* AQLevelMeter.m in Sources */ = {isa = PBXBuildFile; fileRef = C975FFE11CE1DCB300BC4B0A /* AQLevelMeter.m */; };
		C975FFE51CE1DCB300BC4B0A /* SpeakHereViewController.m in Sources */ = {isa = PBXBuildFile; fileRef = C975FFE31CE1DCB300BC4B0A /* SpeakHereViewController.m */; };
		C975FFE71CE1E77900BC4B0A /* CoreAudio.framework in Frameworks */ = {isa = PBXBuildFile; fileRef = C975FFE61CE1E77900BC4B0A /* CoreAudio.framework */; };
		C975FFE91CE1E78800BC4B0A /* AudioToolbox.framework in Frameworks */ = {isa = PBXBuildFile; fileRef = C975FFE81CE1E78800BC4B0A /* AudioToolbox.framework */; };
		C975FFEB1CE1E79700BC4B0A /* OpenGLES.framework in Frameworks */ = {isa = PBXBuildFile; fileRef = C975FFEA1CE1E79700BC4B0A /* OpenGLES.framework */; };
		C97E2FA11CE37DC100C9588C /* soundbar_plate_mono.png in Resources */ = {isa = PBXBuildFile; fileRef = C97E2F9F1CE37DC100C9588C /* soundbar_plate_mono.png */; };
		C97E2FA21CE37DC100C9588C /* speaker_grill.png in Resources */ = {isa = PBXBuildFile; fileRef = C97E2FA01CE37DC100C9588C /* speaker_grill.png */; };
		D18A11FBA1FFCA45245D2306 /* .gitinvisible in Resources */ = {isa = PBXBuildFile; fileRef = 13C4855BA217AF59AA219844 /* .gitinvisible */; };
		E6F2BDD6683DE7E742FF17C5 /* MOE.framework in Frameworks */ = {isa = PBXBuildFile; fileRef = 3B3741918F77BD819230D36A /* MOE.framework */; };
/* End PBXBuildFile section */

/* Begin PBXCopyFilesBuildPhase section */
		768DA4EF74F34844AF5F032C /* Embed Frameworks */ = {
			isa = PBXCopyFilesBuildPhase;
			buildActionMask = 2147483647;
			dstPath = "";
			dstSubfolderSpec = 10;
			files = (
				AEF55FFDBA2129ED44B23ED4 /* MOE.framework in Embed Frameworks */,
			);
			name = "Embed Frameworks";
			runOnlyForDeploymentPostprocessing = 0;
		};
		C997163095203FE78BED3C8E /* Embed Frameworks */ = {
			isa = PBXCopyFilesBuildPhase;
			buildActionMask = 2147483647;
			dstPath = "";
			dstSubfolderSpec = 10;
			files = (
				B602F1EB3BDDE8480BB75E15 /* MOE.framework in Embed Frameworks */,
			);
			name = "Embed Frameworks";
			runOnlyForDeploymentPostprocessing = 0;
		};
/* End PBXCopyFilesBuildPhase section */

/* Begin PBXFileReference section */
		0B436C1E6F273D2244D85D0A /* SpeakHere-Test.app */ = {isa = PBXFileReference; explicitFileType = wrapper.application; includeInIndex = 0; path = "SpeakHere-Test.app"; sourceTree = BUILT_PRODUCTS_DIR; };
		0ED993BBF620EE64AD7C2737 /* classlist.txt */ = {isa = PBXFileReference; lastKnownFileType = text; name = classlist.txt; path = ../build/moe/test/classlist.txt; sourceTree = SOURCE_ROOT; };
		13C4855BA217AF59AA219844 /* .gitinvisible */ = {isa = PBXFileReference; lastKnownFileType = text; name = .gitinvisible; path = ../src/main/resources/.gitinvisible; sourceTree = SOURCE_ROOT; };
		1BF1337A2DE71646075E8C7D /* Info.plist */ = {isa = PBXFileReference; lastKnownFileType = text.plist.xml; name = Info.plist; path = ../src/main/resources/Info.plist; sourceTree = SOURCE_ROOT; };
		3B3741918F77BD819230D36A /* MOE.framework */ = {isa = PBXFileReference; lastKnownFileType = wrapper.framework; path = MOE.framework; sourceTree = MOE_FRAMEWORK_PATH; };
		43E354AE5313D25090841955 /* build.xcconfig */ = {isa = PBXFileReference; lastKnownFileType = text.xcconfig; path = build.xcconfig; sourceTree = "<group>"; };
		559D81D33372642569FA6A0B /* build.xcconfig */ = {isa = PBXFileReference; lastKnownFileType = text.xcconfig; path = build.xcconfig; sourceTree = "<group>"; };
		640729ED25B818C72EC3110F /* preregister.txt */ = {isa = PBXFileReference; lastKnownFileType = text; name = preregister.txt; path = ../build/moe/test/preregister.txt; sourceTree = SOURCE_ROOT; };
		7A1B8086574D94659F4C0EDC /* main.cpp */ = {isa = PBXFileReference; lastKnownFileType = sourcecode.cpp.cpp; path = main.cpp; sourceTree = "<group>"; };
		9E87DCCFCA3177645F09380F /* Info-Test.plist */ = {isa = PBXFileReference; lastKnownFileType = text.plist.xml; name = "Info-Test.plist"; path = "SpeakHere-Test/Info-Test.plist"; sourceTree = "<group>"; };
		AA2EF7E8B5549494DC04A55C /* Launch Screen.xib */ = {isa = PBXFileReference; lastKnownFileType = file.xib; name = "Launch Screen.xib"; path = "../src/main/resources/Launch Screen.xib"; sourceTree = SOURCE_ROOT; };
		B826DEF986B985D84F3A8E6F /* Main.storyboard */ = {isa = PBXFileReference; lastKnownFileType = file.storyboard; name = Main.storyboard; path = ../src/main/resources/Main.storyboard; sourceTree = SOURCE_ROOT; };
		BD43ADD0728C610B830D6EAC /* preregister.txt */ = {isa = PBXFileReference; lastKnownFileType = text; name = preregister.txt; path = ../build/moe/main/preregister.txt; sourceTree = SOURCE_ROOT; };
		C975FFE01CE1DCB300BC4B0A /* AQLevelMeter.h */ = {isa = PBXFileReference; fileEncoding = 4; lastKnownFileType = sourcecode.c.h; path = AQLevelMeter.h; sourceTree = "<group>"; };
		C975FFE11CE1DCB300BC4B0A /* AQLevelMeter.m */ = {isa = PBXFileReference; fileEncoding = 4; lastKnownFileType = sourcecode.c.objc; path = AQLevelMeter.m; sourceTree = "<group>"; };
		C975FFE21CE1DCB300BC4B0A /* SpeakHereViewController.h */ = {isa = PBXFileReference; fileEncoding = 4; lastKnownFileType = sourcecode.c.h; path = SpeakHereViewController.h; sourceTree = "<group>"; };
		C975FFE31CE1DCB300BC4B0A /* SpeakHereViewController.m */ = {isa = PBXFileReference; fileEncoding = 4; lastKnownFileType = sourcecode.c.objc; path = SpeakHereViewController.m; sourceTree = "<group>"; };
		C975FFE61CE1E77900BC4B0A /* CoreAudio.framework */ = {isa = PBXFileReference; lastKnownFileType = wrapper.framework; name = CoreAudio.framework; path = System/Library/Frameworks/CoreAudio.framework; sourceTree = SDKROOT; };
		C975FFE81CE1E78800BC4B0A /* AudioToolbox.framework */ = {isa = PBXFileReference; lastKnownFileType = wrapper.framework; name = AudioToolbox.framework; path = System/Library/Frameworks/AudioToolbox.framework; sourceTree = SDKROOT; };
		C975FFEA1CE1E79700BC4B0A /* OpenGLES.framework */ = {isa = PBXFileReference; lastKnownFileType = wrapper.framework; name = OpenGLES.framework; path = System/Library/Frameworks/OpenGLES.framework; sourceTree = SDKROOT; };
		C97E2F9F1CE37DC100C9588C /* soundbar_plate_mono.png */ = {isa = PBXFileReference; lastKnownFileType = image.png; name = soundbar_plate_mono.png; path = ../../src/main/resources/soundbar_plate_mono.png; sourceTree = "<group>"; };
		C97E2FA01CE37DC100C9588C /* speaker_grill.png */ = {isa = PBXFileReference; lastKnownFileType = image.png; name = speaker_grill.png; path = ../../src/main/resources/speaker_grill.png; sourceTree = "<group>"; };
		CB446957E7746CD7D11D9EC5 /* .gitinvisible */ = {isa = PBXFileReference; lastKnownFileType = text; name = .gitinvisible; path = ../src/test/resources/.gitinvisible; sourceTree = SOURCE_ROOT; };
		CDCA61051555756A0E6D1F99 /* SpeakHere.app */ = {isa = PBXFileReference; explicitFileType = wrapper.application; includeInIndex = 0; path = SpeakHere.app; sourceTree = BUILT_PRODUCTS_DIR; };
		E5D3D17F3ED7890AA9B35C7A /* application.jar */ = {isa = PBXFileReference; lastKnownFileType = archive.jar; name = application.jar; path = ../build/moe/main/application.jar; sourceTree = SOURCE_ROOT; };
		F380E6810E058FFF06B6A76D /* application.jar */ = {isa = PBXFileReference; lastKnownFileType = archive.jar; name = application.jar; path = ../build/moe/test/application.jar; sourceTree = SOURCE_ROOT; };
/* End PBXFileReference section */

/* Begin PBXFrameworksBuildPhase section */
		1364A15F91810B7B2A6FDEB4 /* Frameworks */ = {
			isa = PBXFrameworksBuildPhase;
			buildActionMask = 2147483647;
			files = (
				610C43A1E0EEB1869E5F4BFD /* MOE.framework in Frameworks */,
			);
			runOnlyForDeploymentPostprocessing = 0;
		};
		CEB350C7077823402C42F8C6 /* Frameworks */ = {
			isa = PBXFrameworksBuildPhase;
			buildActionMask = 2147483647;
			files = (
				C975FFEB1CE1E79700BC4B0A /* OpenGLES.framework in Frameworks */,
				C975FFE91CE1E78800BC4B0A /* AudioToolbox.framework in Frameworks */,
				C975FFE71CE1E77900BC4B0A /* CoreAudio.framework in Frameworks */,
				E6F2BDD6683DE7E742FF17C5 /* MOE.framework in Frameworks */,
			);
			runOnlyForDeploymentPostprocessing = 0;
		};
/* End PBXFrameworksBuildPhase section */

/* Begin PBXGroup section */
		1AE3CEF3C6C4EA3C6B7D0D92 /* SpeakHere-Test */ = {
			isa = PBXGroup;
			children = (
				6B7AE29281325703784FD0BB /* Supporting Files */,
			);
			path = "SpeakHere-Test";
			sourceTree = "<group>";
		};
		222E22CC5BD7D8B7E066DA6B = {
			isa = PBXGroup;
			children = (
				C609C4A4865704795F3FA090 /* SpeakHere */,
				1AE3CEF3C6C4EA3C6B7D0D92 /* SpeakHere-Test */,
				DC7F841D2125B0BACD3F1FE6 /* Frameworks */,
				529432B40F4D2B0E4A9B4C1A /* Products */,
			);
			sourceTree = "<group>";
		};
		529432B40F4D2B0E4A9B4C1A /* Products */ = {
			isa = PBXGroup;
			children = (
				CDCA61051555756A0E6D1F99 /* SpeakHere.app */,
				0B436C1E6F273D2244D85D0A /* SpeakHere-Test.app */,
			);
			path = Products;
			sourceTree = "<group>";
		};
		6B7AE29281325703784FD0BB /* Supporting Files */ = {
			isa = PBXGroup;
			children = (
				559D81D33372642569FA6A0B /* build.xcconfig */,
				9E87DCCFCA3177645F09380F /* Info-Test.plist */,
				640729ED25B818C72EC3110F /* preregister.txt */,
				F380E6810E058FFF06B6A76D /* application.jar */,
				0ED993BBF620EE64AD7C2737 /* classlist.txt */,
				CB446957E7746CD7D11D9EC5 /* .gitinvisible */,
			);
			name = "Supporting Files";
			sourceTree = "<group>";
		};
		BBC1FD7E60934B41D1A06CF1 /* Supporting Files */ = {
			isa = PBXGroup;
			children = (
				C97E2F9F1CE37DC100C9588C /* soundbar_plate_mono.png */,
				C97E2FA01CE37DC100C9588C /* speaker_grill.png */,
				C975FFE01CE1DCB300BC4B0A /* AQLevelMeter.h */,
				C975FFE11CE1DCB300BC4B0A /* AQLevelMeter.m */,
				C975FFE21CE1DCB300BC4B0A /* SpeakHereViewController.h */,
				C975FFE31CE1DCB300BC4B0A /* SpeakHereViewController.m */,
				7A1B8086574D94659F4C0EDC /* main.cpp */,
				43E354AE5313D25090841955 /* build.xcconfig */,
				BD43ADD0728C610B830D6EAC /* preregister.txt */,
				E5D3D17F3ED7890AA9B35C7A /* application.jar */,
				13C4855BA217AF59AA219844 /* .gitinvisible */,
				B826DEF986B985D84F3A8E6F /* Main.storyboard */,
				1BF1337A2DE71646075E8C7D /* Info.plist */,
				AA2EF7E8B5549494DC04A55C /* Launch Screen.xib */,
			);
			name = "Supporting Files";
			sourceTree = "<group>";
		};
		C609C4A4865704795F3FA090 /* SpeakHere */ = {
			isa = PBXGroup;
			children = (
				BBC1FD7E60934B41D1A06CF1 /* Supporting Files */,
			);
			path = SpeakHere;
			sourceTree = "<group>";
		};
		DC7F841D2125B0BACD3F1FE6 /* Frameworks */ = {
			isa = PBXGroup;
			children = (
				C975FFEA1CE1E79700BC4B0A /* OpenGLES.framework */,
				C975FFE81CE1E78800BC4B0A /* AudioToolbox.framework */,
				C975FFE61CE1E77900BC4B0A /* CoreAudio.framework */,
				3B3741918F77BD819230D36A /* MOE.framework */,
			);
			path = Frameworks;
			sourceTree = "<group>";
		};
/* End PBXGroup section */

/* Begin PBXNativeTarget section */
		6A480A7F7C6D11D622B061FA /* SpeakHere */ = {
			isa = PBXNativeTarget;
			buildConfigurationList = CEC42DDF507AD5BBFD8FFB55 /* Build configuration list for PBXNativeTarget "SpeakHere" */;
			buildPhases = (
				0554D522584A7AFEF2A33470 /* Compile Sources (MOE) */,
				CEB350C7077823402C42F8C6 /* Frameworks */,
				8B0A23D4E9E3E63E1819ED57 /* Resources */,
				67687D448620557795F6632D /* Sources */,
				768DA4EF74F34844AF5F032C /* Embed Frameworks */,
			);
			buildRules = (
			);
			name = SpeakHere;
			productName = SpeakHere;
			productReference = CDCA61051555756A0E6D1F99 /* SpeakHere.app */;
			productType = "com.apple.product-type.application";
		};
		A1F1303768519499E6293A26 /* SpeakHere-Test */ = {
			isa = PBXNativeTarget;
			buildConfigurationList = 5C1398AECE50A7EA9CF3432B /* Build configuration list for PBXNativeTarget "SpeakHere-Test" */;
			buildPhases = (
				BD1C53346196651624A397B6 /* Compile Sources (MOE) */,
				1364A15F91810B7B2A6FDEB4 /* Frameworks */,
				FED20C81B93CA86A1266B2F7 /* Resources */,
				A2E8D60AE5971A3FC4CCA0C9 /* Sources */,
				C997163095203FE78BED3C8E /* Embed Frameworks */,
			);
			buildRules = (
			);
			name = "SpeakHere-Test";
			productName = "SpeakHere-Test";
			productReference = 0B436C1E6F273D2244D85D0A /* SpeakHere-Test.app */;
			productType = "com.apple.product-type.application";
		};
/* End PBXNativeTarget section */

/* Begin PBXProject section */
		89B29E4CF39EF3BC42DE3BA8 /* Project object */ = {
			isa = PBXProject;
			attributes = {
				ORGANIZATIONNAME = "";
			};
			buildConfigurationList = 4D42C5F0ADC5E1126B34B9F1 /* Build configuration list for PBXProject "SpeakHere" */;
			compatibilityVersion = "Xcode 3.2";
			developmentRegion = English;
			hasScannedForEncodings = 0;
			knownRegions = (
				en,
				Base,
			);
			mainGroup = 222E22CC5BD7D8B7E066DA6B;
			productRefGroup = 529432B40F4D2B0E4A9B4C1A /* Products */;
			projectDirPath = "";
			projectRoot = "";
			targets = (
				6A480A7F7C6D11D622B061FA /* SpeakHere */,
				A1F1303768519499E6293A26 /* SpeakHere-Test */,
			);
		};
/* End PBXProject section */

/* Begin PBXResourcesBuildPhase section */
		8B0A23D4E9E3E63E1819ED57 /* Resources */ = {
			isa = PBXResourcesBuildPhase;
			buildActionMask = 2147483647;
			files = (
				C97E2FA21CE37DC100C9588C /* speaker_grill.png in Resources */,
				130EA9CF0CCD2F2053D313C5 /* preregister.txt in Resources */,
				08821C8984431B649527BCE6 /* application.jar in Resources */,
				D18A11FBA1FFCA45245D2306 /* .gitinvisible in Resources */,
				58CB9FF3E629962B85A3F9C7 /* Main.storyboard in Resources */,
				C97E2FA11CE37DC100C9588C /* soundbar_plate_mono.png in Resources */,
				C6390261200D72B11E530FC6 /* Info.plist in Resources */,
				1366AFED371C007E4EFE4D04 /* Launch Screen.xib in Resources */,
			);
			runOnlyForDeploymentPostprocessing = 0;
		};
		FED20C81B93CA86A1266B2F7 /* Resources */ = {
			isa = PBXResourcesBuildPhase;
			buildActionMask = 2147483647;
			files = (
				3D9A2C1E824A00F0830E422A /* preregister.txt in Resources */,
				152857078AAF11C4A2FFCC09 /* application.jar in Resources */,
				172584C6B3F1EFBBE9112902 /* classlist.txt in Resources */,
				0ADC0D5C985464835FCB90E0 /* .gitinvisible in Resources */,
			);
			runOnlyForDeploymentPostprocessing = 0;
		};
/* End PBXResourcesBuildPhase section */

/* Begin PBXShellScriptBuildPhase section */
		0554D522584A7AFEF2A33470 /* Compile Sources (MOE) */ = {
			isa = PBXShellScriptBuildPhase;
			buildActionMask = 2147483647;
			files = (
			);
			inputPaths = (
			);
			name = "Compile Sources (MOE)";
			outputPaths = (
			);
			runOnlyForDeploymentPostprocessing = 0;
			shellPath = /bin/bash;
			shellScript = "cd \"${SRCROOT}/..\"\n\nexport JAVA_HOME=$(/usr/libexec/java_home -v 1.8)\njava -version\n\n########################\n# Find Gradle\n########################\nfunction findGradle {\n\tCD=\"$PWD\"\n\twhile [ \"$CD\" != \"\" ]; do\n\t\techo \"Looking for gradlew in $CD\"\n\t\tif [ -x \"$CD/gradlew\" ]; then\n\t\t\tGRADLE_EXEC=$CD/gradlew\n\t\t\treturn 0\n\t\tfi\n\t\tCD=\"${CD%/*}\"\n\tdone\n\n\tDEFAULT_PATH=$(echo $PATH)\n\tsource ~/.bash_profile\n\texport PATH=$PATH:DEFAULT_PATH\n\n\techo \"Checking with 'which'\"\n\tGRADLE_EXEC=$(which 'gradle')\n\n\tif [ \"$GRADLE_EXEC\" = \"\" ]; then\n\t\techo \"Falling back to '/usr/local/bin/gradle'\"\n\t\tGRADLE_EXEC=/usr/local/bin/gradle\n\tfi\n}\n########################\n# Execute Gradle build\n########################\nif [ -z \"$MOE_GRADLE_EXTERNAL_BUILD\" ]; then\n    findGradle\n\n    \"$GRADLE_EXEC\" --daemon moeXcodeInternal\nfi\n";
		};
		BD1C53346196651624A397B6 /* Compile Sources (MOE) */ = {
			isa = PBXShellScriptBuildPhase;
			buildActionMask = 2147483647;
			files = (
			);
			inputPaths = (
			);
			name = "Compile Sources (MOE)";
			outputPaths = (
			);
			runOnlyForDeploymentPostprocessing = 0;
			shellPath = /bin/bash;
			shellScript = "cd \"${SRCROOT}/..\"\n\nexport JAVA_HOME=$(/usr/libexec/java_home -v 1.8)\njava -version\n\n########################\n# Find Gradle\n########################\nfunction findGradle {\n\tCD=\"$PWD\"\n\twhile [ \"$CD\" != \"\" ]; do\n\t\techo \"Looking for gradlew in $CD\"\n\t\tif [ -x \"$CD/gradlew\" ]; then\n\t\t\tGRADLE_EXEC=$CD/gradlew\n\t\t\treturn 0\n\t\tfi\n\t\tCD=\"${CD%/*}\"\n\tdone\n\n\tDEFAULT_PATH=$(echo $PATH)\n\tsource ~/.bash_profile\n\texport PATH=$PATH:DEFAULT_PATH\n\n\techo \"Checking with 'which'\"\n\tGRADLE_EXEC=$(which 'gradle')\n\n\tif [ \"$GRADLE_EXEC\" = \"\" ]; then\n\t\techo \"Falling back to '/usr/local/bin/gradle'\"\n\t\tGRADLE_EXEC=/usr/local/bin/gradle\n\tfi\n}\n########################\n# Execute Gradle build\n########################\nif [ -z \"$MOE_GRADLE_EXTERNAL_BUILD\" ]; then\n    findGradle\n\n    export MOE_BUILD_SOURCE_SET=test\n    \"$GRADLE_EXEC\" --daemon moeXcodeInternal\nfi\n";
		};
/* End PBXShellScriptBuildPhase section */

/* Begin PBXSourcesBuildPhase section */
		67687D448620557795F6632D /* Sources */ = {
			isa = PBXSourcesBuildPhase;
			buildActionMask = 2147483647;
			files = (
				C975FFE41CE1DCB300BC4B0A /* AQLevelMeter.m in Sources */,
				16484146B0A6F37E67CD014F /* main.cpp in Sources */,
				C975FFE51CE1DCB300BC4B0A /* SpeakHereViewController.m in Sources */,
			);
			runOnlyForDeploymentPostprocessing = 0;
		};
		A2E8D60AE5971A3FC4CCA0C9 /* Sources */ = {
			isa = PBXSourcesBuildPhase;
			buildActionMask = 2147483647;
			files = (
				8ACA65C9403D295E95A0C0D9 /* main.cpp in Sources */,
			);
			runOnlyForDeploymentPostprocessing = 0;
		};
/* End PBXSourcesBuildPhase section */

/* Begin XCBuildConfiguration section */
		3AE9DEFBB4E8584A1A3C889E /* Release */ = {
			isa = XCBuildConfiguration;
			baseConfigurationReference = 559D81D33372642569FA6A0B /* build.xcconfig */;
			buildSettings = {
				DEAD_CODE_STRIPPING = NO;
				EMBEDDED_CONTENT_CONTAINS_SWIFT = NO;
				FRAMEWORK_SEARCH_PATHS = "$(inherited)";
				INFOPLIST_FILE = "Info-Test.plist";
				LD_RUNPATH_SEARCH_PATHS = "$(inherited) @executable_path/Frameworks";
				OTHER_LDFLAGS = "${MOE_OTHER_LDFLAGS}";
				PRODUCT_NAME = "SpeakHere-Test";
				STRIP_STYLE = "non-global";
			};
			name = Release;
		};
		4E6C5832487154B6C4A15848 /* Debug */ = {
			isa = XCBuildConfiguration;
			buildSettings = {
				ALWAYS_SEARCH_USER_PATHS = NO;
				CLANG_CXX_LANGUAGE_STANDARD = "gnu++0x";
				CLANG_CXX_LIBRARY = "libc++";
				CLANG_ENABLE_MODULES = YES;
				CLANG_ENABLE_OBJC_ARC = YES;
				CLANG_WARN_BOOL_CONVERSION = YES;
				CLANG_WARN_CONSTANT_CONVERSION = YES;
				CLANG_WARN_DIRECT_OBJC_ISA_USAGE = YES_ERROR;
				CLANG_WARN_EMPTY_BODY = YES;
				CLANG_WARN_ENUM_CONVERSION = YES;
				CLANG_WARN_INT_CONVERSION = YES;
				CLANG_WARN_OBJC_ROOT_CLASS = YES_ERROR;
				CLANG_WARN_UNREACHABLE_CODE = YES;
				CLANG_WARN__DUPLICATE_METHOD_MATCH = YES;
				"CODE_SIGN_IDENTITY[sdk=iphoneos*]" = "iPhone Developer";
				COPY_PHASE_STRIP = NO;
				ENABLE_STRICT_OBJC_MSGSEND = YES;
				FRAMEWORK_SEARCH_PATHS = (
					"$(inherited)",
					"${MOE_FRAMEWORK_PATH}",
				);
				GCC_C_LANGUAGE_STANDARD = gnu99;
				GCC_DYNAMIC_NO_PIC = NO;
				GCC_OPTIMIZATION_LEVEL = 0;
				GCC_PREPROCESSOR_DEFINITIONS = (
					"DEBUG=1",
					"$(inherited)",
				);
				GCC_SYMBOLS_PRIVATE_EXTERN = NO;
				GCC_WARN_64_TO_32_BIT_CONVERSION = YES;
				GCC_WARN_ABOUT_RETURN_TYPE = YES_ERROR;
				GCC_WARN_UNDECLARED_SELECTOR = YES;
				GCC_WARN_UNINITIALIZED_AUTOS = YES_AGGRESSIVE;
				GCC_WARN_UNUSED_FUNCTION = YES;
				GCC_WARN_UNUSED_VARIABLE = YES;
				IPHONEOS_DEPLOYMENT_TARGET = "";
				LD_RUNPATH_SEARCH_PATHS = "$(inherited) @executable_path/Frameworks";
				MTL_ENABLE_DEBUG_INFO = YES;
				SDKROOT = iphoneos;
				SYMROOT = "/Volumes/job/inde-migeran-dev/migeran/samples/SpeakHere/build/moe/xcodebuild/sym";
				TARGETED_DEVICE_FAMILY = "1,2";
			};
			name = Debug;
		};
		50C696F32C87BA9A5DF40FC1 /* Debug */ = {
			isa = XCBuildConfiguration;
			baseConfigurationReference = 559D81D33372642569FA6A0B /* build.xcconfig */;
			buildSettings = {
				DEAD_CODE_STRIPPING = NO;
				EMBEDDED_CONTENT_CONTAINS_SWIFT = NO;
				FRAMEWORK_SEARCH_PATHS = "$(inherited)";
				INFOPLIST_FILE = "Info-Test.plist";
				LD_RUNPATH_SEARCH_PATHS = "$(inherited) @executable_path/Frameworks";
				OTHER_LDFLAGS = "${MOE_OTHER_LDFLAGS}";
				PRODUCT_NAME = "SpeakHere-Test";
				STRIP_STYLE = "non-global";
			};
			name = Debug;
		};
		6AC6F1FCFA305893C9958D71 /* Release */ = {
			isa = XCBuildConfiguration;
			baseConfigurationReference = 43E354AE5313D25090841955 /* build.xcconfig */;
			buildSettings = {
				DEAD_CODE_STRIPPING = NO;
				EMBEDDED_CONTENT_CONTAINS_SWIFT = NO;
				FRAMEWORK_SEARCH_PATHS = "$(inherited)";
				INFOPLIST_FILE = ../src/main/resources/Info.plist;
				LD_RUNPATH_SEARCH_PATHS = "$(inherited) @executable_path/Frameworks";
				OTHER_LDFLAGS = "${MOE_OTHER_LDFLAGS}";
				PRODUCT_NAME = SpeakHere;
				STRIP_STYLE = "non-global";
			};
			name = Release;
		};
		854E6741B93D1ED8B0553AFE /* Debug */ = {
			isa = XCBuildConfiguration;
			baseConfigurationReference = 43E354AE5313D25090841955 /* build.xcconfig */;
			buildSettings = {
				DEAD_CODE_STRIPPING = NO;
				EMBEDDED_CONTENT_CONTAINS_SWIFT = NO;
				FRAMEWORK_SEARCH_PATHS = "$(inherited)";
				INFOPLIST_FILE = ../src/main/resources/Info.plist;
				LD_RUNPATH_SEARCH_PATHS = "$(inherited) @executable_path/Frameworks";
				OTHER_LDFLAGS = "${MOE_OTHER_LDFLAGS}";
				PRODUCT_NAME = SpeakHere;
				STRIP_STYLE = "non-global";
			};
			name = Debug;
		};
		C73A53B11C0C68BD02C0F5EC /* Release */ = {
			isa = XCBuildConfiguration;
			buildSettings = {
				ALWAYS_SEARCH_USER_PATHS = NO;
				CLANG_CXX_LANGUAGE_STANDARD = "gnu++0x";
				CLANG_CXX_LIBRARY = "libc++";
				CLANG_ENABLE_MODULES = YES;
				CLANG_ENABLE_OBJC_ARC = YES;
				CLANG_WARN_BOOL_CONVERSION = YES;
				CLANG_WARN_CONSTANT_CONVERSION = YES;
				CLANG_WARN_DIRECT_OBJC_ISA_USAGE = YES_ERROR;
				CLANG_WARN_EMPTY_BODY = YES;
				CLANG_WARN_ENUM_CONVERSION = YES;
				CLANG_WARN_INT_CONVERSION = YES;
				CLANG_WARN_OBJC_ROOT_CLASS = YES_ERROR;
				CLANG_WARN_UNREACHABLE_CODE = YES;
				CLANG_WARN__DUPLICATE_METHOD_MATCH = YES;
				"CODE_SIGN_IDENTITY[sdk=iphoneos*]" = "iPhone Developer";
				COPY_PHASE_STRIP = YES;
				ENABLE_NS_ASSERTIONS = NO;
				ENABLE_STRICT_OBJC_MSGSEND = YES;
				FRAMEWORK_SEARCH_PATHS = (
					"$(inherited)",
					"${MOE_FRAMEWORK_PATH}",
				);
				GCC_C_LANGUAGE_STANDARD = gnu99;
				GCC_WARN_64_TO_32_BIT_CONVERSION = YES;
				GCC_WARN_ABOUT_RETURN_TYPE = YES_ERROR;
				GCC_WARN_UNDECLARED_SELECTOR = YES;
				GCC_WARN_UNINITIALIZED_AUTOS = YES_AGGRESSIVE;
				GCC_WARN_UNUSED_FUNCTION = YES;
				GCC_WARN_UNUSED_VARIABLE = YES;
				IPHONEOS_DEPLOYMENT_TARGET = "";
				LD_RUNPATH_SEARCH_PATHS = "$(inherited) @executable_path/Frameworks";
				MTL_ENABLE_DEBUG_INFO = NO;
				SDKROOT = iphoneos;
				SYMROOT = "/Volumes/job/inde-migeran-dev/migeran/samples/SpeakHere/build/moe/xcodebuild/sym";
				TARGETED_DEVICE_FAMILY = "1,2";
				VALIDATE_PRODUCT = YES;
			};
			name = Release;
		};
/* End XCBuildConfiguration section */

/* Begin XCConfigurationList section */
		4D42C5F0ADC5E1126B34B9F1 /* Build configuration list for PBXProject "SpeakHere" */ = {
			isa = XCConfigurationList;
			buildConfigurations = (
				4E6C5832487154B6C4A15848 /* Debug */,
				C73A53B11C0C68BD02C0F5EC /* Release */,
			);
			defaultConfigurationIsVisible = 0;
			defaultConfigurationName = Release;
		};
		5C1398AECE50A7EA9CF3432B /* Build configuration list for PBXNativeTarget "SpeakHere-Test" */ = {
			isa = XCConfigurationList;
			buildConfigurations = (
				50C696F32C87BA9A5DF40FC1 /* Debug */,
				3AE9DEFBB4E8584A1A3C889E /* Release */,
			);
			defaultConfigurationIsVisible = 0;
			defaultConfigurationName = Release;
		};
		CEC42DDF507AD5BBFD8FFB55 /* Build configuration list for PBXNativeTarget "SpeakHere" */ = {
			isa = XCConfigurationList;
			buildConfigurations = (
				854E6741B93D1ED8B0553AFE /* Debug */,
				6AC6F1FCFA305893C9958D71 /* Release */,
			);
			defaultConfigurationIsVisible = 0;
			defaultConfigurationName = Release;
		};
/* End XCConfigurationList section */
	};
	rootObject = 89B29E4CF39EF3BC42DE3BA8 /* Project object */;
}
