// !$*UTF8*$!
{
	archiveVersion = 1;
	classes = {
	};
	objectVersion = 46;
	objects = {

/* Begin PBXBuildFile section */
		225B7431A740219FB549B1AB /* intel_logo.png in Resources */ = {isa = PBXBuildFile; fileRef = B29E7FC48A83DA90DD340D69 /* intel_logo.png */; };
		4A2AB8EA2AFCBCED84EED8F9 /* main.cpp in Sources */ = {isa = PBXBuildFile; fileRef = 38B8DDC8674E85BC51B21F52 /* main.cpp */; };
		60B1BBDCF7FEAAC184B65D5E /* MOE.framework in Embed Frameworks */ = {isa = PBXBuildFile; fileRef = D1524339B1E5D5E127F1F3D6 /* MOE.framework */; settings = {ATTRIBUTES = (CodeSignOnCopy, RemoveHeadersOnCopy, ); }; };
		656B3ABCE59B37833943E80E /* preregister.txt in Resources */ = {isa = PBXBuildFile; fileRef = 54DA00101E5FFBCEBFE255A7 /* preregister.txt */; };
		704D32FAC9702A7BD19D6D42 /* main.cpp in Sources */ = {isa = PBXBuildFile; fileRef = 38B8DDC8674E85BC51B21F52 /* main.cpp */; };
		7C19A22A2C5D15B27E7C52EF /* classlist.txt in Resources */ = {isa = PBXBuildFile; fileRef = 585EE3B1D3C7C640A3847CD8 /* classlist.txt */; };
		8FD75D9BFCFE85AC6CE67732 /* application.jar in Resources */ = {isa = PBXBuildFile; fileRef = A5572851946A5C816C38D59D /* application.jar */; };
		99AFC9D31D8026690096C000 /* AppDelegate.m in Sources */ = {isa = PBXBuildFile; fileRef = 99AFC9CE1D8026690096C000 /* AppDelegate.m */; };
		99AFC9D41D8026690096C000 /* CounterService.m in Sources */ = {isa = PBXBuildFile; fileRef = 99AFC9D01D8026690096C000 /* CounterService.m */; };
		99AFC9D51D8026690096C000 /* ViewController.m in Sources */ = {isa = PBXBuildFile; fileRef = 99AFC9D21D8026690096C000 /* ViewController.m */; };
		9D82EA0705845AFDBDC5B8C5 /* MOE.framework in Embed Frameworks */ = {isa = PBXBuildFile; fileRef = D1524339B1E5D5E127F1F3D6 /* MOE.framework */; settings = {ATTRIBUTES = (CodeSignOnCopy, RemoveHeadersOnCopy, ); }; };
		B6EA08397954A4A057A0E0F0 /* preregister.txt in Resources */ = {isa = PBXBuildFile; fileRef = 6D994D44F9EAC3496666D4D5 /* preregister.txt */; };
		C703660EF5338D00C8062223 /* Info.plist in Resources */ = {isa = PBXBuildFile; fileRef = 5200F94AF8B57847D368415D /* Info.plist */; };
		CE8F68E8121C7278E9F8D569 /* MOE.framework in Frameworks */ = {isa = PBXBuildFile; fileRef = D1524339B1E5D5E127F1F3D6 /* MOE.framework */; };
		CED2C03F8DEBB4150B801223 /* MainUI.storyboard in Resources */ = {isa = PBXBuildFile; fileRef = 60DEAF42570DC8CEBF2D9280 /* MainUI.storyboard */; };
		D21030B343AD02F66E1318C0 /* LaunchScreen.xib in Resources */ = {isa = PBXBuildFile; fileRef = 7C7DD6E5DD675995ABB46DE7 /* LaunchScreen.xib */; };
		E6F44EFFDFB3B80E6F9764EF /* application.jar in Resources */ = {isa = PBXBuildFile; fileRef = 3A0F5697E1D08E7AA07811E3 /* application.jar */; };
		EE1C78C1EDFB552AF884F5EC /* MOE.framework in Frameworks */ = {isa = PBXBuildFile; fileRef = D1524339B1E5D5E127F1F3D6 /* MOE.framework */; };
/* End PBXBuildFile section */

/* Begin PBXCopyFilesBuildPhase section */
		71A2D849A0C51C02B8567DA0 /* Embed Frameworks */ = {
			isa = PBXCopyFilesBuildPhase;
			buildActionMask = 2147483647;
			dstPath = "";
			dstSubfolderSpec = 10;
			files = (
				9D82EA0705845AFDBDC5B8C5 /* MOE.framework in Embed Frameworks */,
			);
			name = "Embed Frameworks";
			runOnlyForDeploymentPostprocessing = 0;
		};
		A2BDFCF1705B9721FAEE83EB /* Embed Frameworks */ = {
			isa = PBXCopyFilesBuildPhase;
			buildActionMask = 2147483647;
			dstPath = "";
			dstSubfolderSpec = 10;
			files = (
				60B1BBDCF7FEAAC184B65D5E /* MOE.framework in Embed Frameworks */,
			);
			name = "Embed Frameworks";
			runOnlyForDeploymentPostprocessing = 0;
		};
/* End PBXCopyFilesBuildPhase section */

/* Begin PBXFileReference section */
		14A80ADFB3C3A7B5ACEA8020 /* ios-Test.app */ = {isa = PBXFileReference; explicitFileType = wrapper.application; includeInIndex = 0; path = "ios-Test.app"; sourceTree = BUILT_PRODUCTS_DIR; };
		38B8DDC8674E85BC51B21F52 /* main.cpp */ = {isa = PBXFileReference; lastKnownFileType = sourcecode.cpp.cpp; path = main.cpp; sourceTree = "<group>"; };
		3A0F5697E1D08E7AA07811E3 /* application.jar */ = {isa = PBXFileReference; lastKnownFileType = archive.jar; name = application.jar; path = ../build/moe/test/application.jar; sourceTree = SOURCE_ROOT; };
		5200F94AF8B57847D368415D /* Info.plist */ = {isa = PBXFileReference; lastKnownFileType = text.plist.xml; name = Info.plist; path = ../src/main/resources/Info.plist; sourceTree = SOURCE_ROOT; };
		54DA00101E5FFBCEBFE255A7 /* preregister.txt */ = {isa = PBXFileReference; lastKnownFileType = text; name = preregister.txt; path = ../build/moe/main/preregister.txt; sourceTree = SOURCE_ROOT; };
		585EE3B1D3C7C640A3847CD8 /* classlist.txt */ = {isa = PBXFileReference; lastKnownFileType = text; name = classlist.txt; path = ../build/moe/test/classlist.txt; sourceTree = SOURCE_ROOT; };
		5B8AAA8AC7353D9303A3DC39 /* Info-Test.plist */ = {isa = PBXFileReference; lastKnownFileType = text.plist.xml; name = "Info-Test.plist"; path = "ios-Test/Info-Test.plist"; sourceTree = SOURCE_ROOT; };
		60DEAF42570DC8CEBF2D9280 /* MainUI.storyboard */ = {isa = PBXFileReference; lastKnownFileType = file.storyboard; name = MainUI.storyboard; path = ../src/main/resources/MainUI.storyboard; sourceTree = SOURCE_ROOT; };
		6D994D44F9EAC3496666D4D5 /* preregister.txt */ = {isa = PBXFileReference; lastKnownFileType = text; name = preregister.txt; path = ../build/moe/test/preregister.txt; sourceTree = SOURCE_ROOT; };
		7C7DD6E5DD675995ABB46DE7 /* LaunchScreen.xib */ = {isa = PBXFileReference; lastKnownFileType = file.xib; name = LaunchScreen.xib; path = ../src/main/resources/LaunchScreen.xib; sourceTree = SOURCE_ROOT; };
		99AFC9CD1D8026690096C000 /* AppDelegate.h */ = {isa = PBXFileReference; fileEncoding = 4; lastKnownFileType = sourcecode.c.h; path = AppDelegate.h; sourceTree = "<group>"; };
		99AFC9CE1D8026690096C000 /* AppDelegate.m */ = {isa = PBXFileReference; fileEncoding = 4; lastKnownFileType = sourcecode.c.objc; path = AppDelegate.m; sourceTree = "<group>"; };
		99AFC9CF1D8026690096C000 /* CounterService.h */ = {isa = PBXFileReference; fileEncoding = 4; lastKnownFileType = sourcecode.c.h; path = CounterService.h; sourceTree = "<group>"; };
		99AFC9D01D8026690096C000 /* CounterService.m */ = {isa = PBXFileReference; fileEncoding = 4; lastKnownFileType = sourcecode.c.objc; path = CounterService.m; sourceTree = "<group>"; };
		99AFC9D11D8026690096C000 /* ViewController.h */ = {isa = PBXFileReference; fileEncoding = 4; lastKnownFileType = sourcecode.c.h; path = ViewController.h; sourceTree = "<group>"; };
		99AFC9D21D8026690096C000 /* ViewController.m */ = {isa = PBXFileReference; fileEncoding = 4; lastKnownFileType = sourcecode.c.objc; path = ViewController.m; sourceTree = "<group>"; };
		A5572851946A5C816C38D59D /* application.jar */ = {isa = PBXFileReference; lastKnownFileType = archive.jar; name = application.jar; path = ../build/moe/main/application.jar; sourceTree = SOURCE_ROOT; };
		B29E7FC48A83DA90DD340D69 /* intel_logo.png */ = {isa = PBXFileReference; lastKnownFileType = image.png; name = intel_logo.png; path = ../src/main/resources/intel_logo.png; sourceTree = SOURCE_ROOT; };
		B7B9AB7FA8372BE320AD636E /* Info.plist */ = {isa = PBXFileReference; lastKnownFileType = text.plist.xml; name = Info.plist; path = ../src/main/resources/Info.plist; sourceTree = SOURCE_ROOT; };
		D1524339B1E5D5E127F1F3D6 /* MOE.framework */ = {isa = PBXFileReference; lastKnownFileType = wrapper.framework; path = MOE.framework; sourceTree = MOE_FRAMEWORK_PATH; };
		E2A1ECD5BC0AA2312830510D /* ios.app */ = {isa = PBXFileReference; explicitFileType = wrapper.application; includeInIndex = 0; path = ios.app; sourceTree = BUILT_PRODUCTS_DIR; };
		EB9330C74504295E4C61ADB3 /* build.xcconfig */ = {isa = PBXFileReference; lastKnownFileType = text.xcconfig; path = build.xcconfig; sourceTree = "<group>"; };
		F40D84FDE9D40DF55B78DB76 /* build.xcconfig */ = {isa = PBXFileReference; lastKnownFileType = text.xcconfig; path = build.xcconfig; sourceTree = "<group>"; };
/* End PBXFileReference section */

/* Begin PBXFrameworksBuildPhase section */
		10467958A33D35DB210609C8 /* Frameworks */ = {
			isa = PBXFrameworksBuildPhase;
			buildActionMask = 2147483647;
			files = (
				EE1C78C1EDFB552AF884F5EC /* MOE.framework in Frameworks */,
			);
			runOnlyForDeploymentPostprocessing = 0;
		};
		72018231971BA6D2C5B5D448 /* Frameworks */ = {
			isa = PBXFrameworksBuildPhase;
			buildActionMask = 2147483647;
			files = (
				CE8F68E8121C7278E9F8D569 /* MOE.framework in Frameworks */,
			);
			runOnlyForDeploymentPostprocessing = 0;
		};
/* End PBXFrameworksBuildPhase section */

/* Begin PBXGroup section */
		4251E23107FCB73EC3ECA631 /* ios-Test */ = {
			isa = PBXGroup;
			children = (
				A493C42340F963F22F690720 /* Supporting Files */,
			);
			path = "ios-Test";
			sourceTree = "<group>";
		};
		50063E1BAF54552CF62A8A05 /* Products */ = {
			isa = PBXGroup;
			children = (
				E2A1ECD5BC0AA2312830510D /* ios.app */,
				14A80ADFB3C3A7B5ACEA8020 /* ios-Test.app */,
			);
			path = Products;
			sourceTree = "<group>";
		};
		A493C42340F963F22F690720 /* Supporting Files */ = {
			isa = PBXGroup;
			children = (
				F40D84FDE9D40DF55B78DB76 /* build.xcconfig */,
				5B8AAA8AC7353D9303A3DC39 /* Info-Test.plist */,
				6D994D44F9EAC3496666D4D5 /* preregister.txt */,
				3A0F5697E1D08E7AA07811E3 /* application.jar */,
				585EE3B1D3C7C640A3847CD8 /* classlist.txt */,
			);
			name = "Supporting Files";
			sourceTree = "<group>";
		};
		C4AC937DBC2709CEC111593E /* Supporting Files */ = {
			isa = PBXGroup;
			children = (
				99AFC9CD1D8026690096C000 /* AppDelegate.h */,
				99AFC9CE1D8026690096C000 /* AppDelegate.m */,
				99AFC9CF1D8026690096C000 /* CounterService.h */,
				99AFC9D01D8026690096C000 /* CounterService.m */,
				99AFC9D11D8026690096C000 /* ViewController.h */,
				99AFC9D21D8026690096C000 /* ViewController.m */,
				38B8DDC8674E85BC51B21F52 /* main.cpp */,
				EB9330C74504295E4C61ADB3 /* build.xcconfig */,
				B7B9AB7FA8372BE320AD636E /* Info.plist */,
				54DA00101E5FFBCEBFE255A7 /* preregister.txt */,
				A5572851946A5C816C38D59D /* application.jar */,
				5200F94AF8B57847D368415D /* Info.plist */,
				7C7DD6E5DD675995ABB46DE7 /* LaunchScreen.xib */,
				B29E7FC48A83DA90DD340D69 /* intel_logo.png */,
				60DEAF42570DC8CEBF2D9280 /* MainUI.storyboard */,
			);
			name = "Supporting Files";
			sourceTree = "<group>";
		};
		D89BA54B8F92AD2DF7B843FB = {
			isa = PBXGroup;
			children = (
				DDF23DF08AC82D5DBBDD3156 /* ios */,
				4251E23107FCB73EC3ECA631 /* ios-Test */,
				F2FD0AD4AA76BD3DC773CDC2 /* Frameworks */,
				50063E1BAF54552CF62A8A05 /* Products */,
			);
			sourceTree = "<group>";
		};
		DDF23DF08AC82D5DBBDD3156 /* ios */ = {
			isa = PBXGroup;
			children = (
				C4AC937DBC2709CEC111593E /* Supporting Files */,
			);
			path = ios;
			sourceTree = "<group>";
		};
		F2FD0AD4AA76BD3DC773CDC2 /* Frameworks */ = {
			isa = PBXGroup;
			children = (
				D1524339B1E5D5E127F1F3D6 /* MOE.framework */,
			);
			path = Frameworks;
			sourceTree = "<group>";
		};
/* End PBXGroup section */

/* Begin PBXNativeTarget section */
		874D401FC55C30EEA48AE74E /* ios */ = {
			isa = PBXNativeTarget;
			buildConfigurationList = 8433251B88D3F5A50E3CFF89 /* Build configuration list for PBXNativeTarget "ios" */;
			buildPhases = (
				59445AAAA2D5831A4EC4F943 /* Compile Sources (MOE) */,
				10467958A33D35DB210609C8 /* Frameworks */,
				288B2E30328DE67442E6AEB2 /* Resources */,
				732BE55EB15DFF57DD1EA27E /* Sources */,
				A2BDFCF1705B9721FAEE83EB /* Embed Frameworks */,
			);
			buildRules = (
			);
			name = ios;
			productName = ios;
			productReference = E2A1ECD5BC0AA2312830510D /* ios.app */;
			productType = "com.apple.product-type.application";
		};
		AAE079AF4694AE576DC5DC71 /* ios-Test */ = {
			isa = PBXNativeTarget;
			buildConfigurationList = 61ABE1DDCF1A01F3AF3A8FBC /* Build configuration list for PBXNativeTarget "ios-Test" */;
			buildPhases = (
				534AB1C8B19C9D9DE48E8776 /* Compile Sources (MOE) */,
				72018231971BA6D2C5B5D448 /* Frameworks */,
				84D0F02CAC9A44880B98C492 /* Resources */,
				49E1461F5274A76199185B22 /* Sources */,
				71A2D849A0C51C02B8567DA0 /* Embed Frameworks */,
			);
			buildRules = (
			);
			name = "ios-Test";
			productName = "ios-Test";
			productReference = 14A80ADFB3C3A7B5ACEA8020 /* ios-Test.app */;
			productType = "com.apple.product-type.application";
		};
/* End PBXNativeTarget section */

/* Begin PBXProject section */
		474E104EA723F8EB5DF5E9FB /* Project object */ = {
			isa = PBXProject;
			attributes = {
				ORGANIZATIONNAME = "My Company";
			};
			buildConfigurationList = E574CB8C278FB50AC6F81147 /* Build configuration list for PBXProject "ios" */;
			compatibilityVersion = "Xcode 3.2";
			developmentRegion = English;
			hasScannedForEncodings = 0;
			knownRegions = (
				en,
				Base,
			);
			mainGroup = D89BA54B8F92AD2DF7B843FB;
			productRefGroup = 50063E1BAF54552CF62A8A05 /* Products */;
			projectDirPath = "";
			projectRoot = "";
			targets = (
				874D401FC55C30EEA48AE74E /* ios */,
				AAE079AF4694AE576DC5DC71 /* ios-Test */,
			);
		};
/* End PBXProject section */

/* Begin PBXResourcesBuildPhase section */
		288B2E30328DE67442E6AEB2 /* Resources */ = {
			isa = PBXResourcesBuildPhase;
			buildActionMask = 2147483647;
			files = (
				656B3ABCE59B37833943E80E /* preregister.txt in Resources */,
				8FD75D9BFCFE85AC6CE67732 /* application.jar in Resources */,
				C703660EF5338D00C8062223 /* Info.plist in Resources */,
				D21030B343AD02F66E1318C0 /* LaunchScreen.xib in Resources */,
				225B7431A740219FB549B1AB /* intel_logo.png in Resources */,
				CED2C03F8DEBB4150B801223 /* MainUI.storyboard in Resources */,
			);
			runOnlyForDeploymentPostprocessing = 0;
		};
		84D0F02CAC9A44880B98C492 /* Resources */ = {
			isa = PBXResourcesBuildPhase;
			buildActionMask = 2147483647;
			files = (
				B6EA08397954A4A057A0E0F0 /* preregister.txt in Resources */,
				E6F44EFFDFB3B80E6F9764EF /* application.jar in Resources */,
				7C19A22A2C5D15B27E7C52EF /* classlist.txt in Resources */,
			);
			runOnlyForDeploymentPostprocessing = 0;
		};
/* End PBXResourcesBuildPhase section */

/* Begin PBXShellScriptBuildPhase section */
		534AB1C8B19C9D9DE48E8776 /* Compile Sources (MOE) */ = {
			isa = PBXShellScriptBuildPhase;
			buildActionMask = 2147483647;
			files = (
			);
			inputPaths = (
			);
			name = "Compile Sources (MOE)";
			outputPaths = (
			);
			runOnlyForDeploymentPostprocessing = 0;
			shellPath = /bin/bash;
			shellScript = "\n# Check directories set by xcconfigs\nif [ ! -d \"$MOE_PROJECT_DIR\" ]; then\n    echo \"$0:$LINENO:1: error: 'MOE_PROJECT_DIR' doesn't point to a directory!\"; exit 1;\nfi\nif [ ! -d \"$MOE_PROJECT_BUILD_DIR\" ]; then\n    echo \"$0:$LINENO:1: error: 'MOE_PROJECT_BUILD_DIR' doesn't point to a directory!\"; exit 1;\nfi\n\ncd \"$MOE_PROJECT_DIR/\"\n\nexport JAVA_HOME=$(/usr/libexec/java_home -v 1.8)\njava -version\n\n########################\n# Find Gradle\n########################\nfunction findGradle {\n\tCD=\"$PWD\"\n\twhile [ \"$CD\" != \"\" ]; do\n\t\techo \"Looking for gradlew in $CD\"\n\t\tif [ -x \"$CD/gradlew\" ]; then\n\t\t\tGRADLE_EXEC=$CD/gradlew\n\t\t\treturn 0\n\t\tfi\n\t\tCD=\"${CD%/*}\"\n\tdone\n\n\tDEFAULT_PATH=$(echo $PATH)\n\tsource ~/.bash_profile\n\texport PATH=$PATH:DEFAULT_PATH\n\n\techo \"Checking with 'which'\"\n\tGRADLE_EXEC=$(which 'gradle')\n\n\tif [ \"$GRADLE_EXEC\" = \"\" ]; then\n\t\techo \"Falling back to '/usr/local/bin/gradle'\"\n\t\tGRADLE_EXEC=/usr/local/bin/gradle\n\tfi\n}\n########################\n# Execute Gradle build\n########################\nif [ -z \"$MOE_GRADLE_EXTERNAL_BUILD\" ]; then\n    findGradle\n\n    export MOE_BUILD_SOURCE_SET=test\n    \"$GRADLE_EXEC\" --daemon moeXcodeInternal\nfi\n";
		};
		59445AAAA2D5831A4EC4F943 /* Compile Sources (MOE) */ = {
			isa = PBXShellScriptBuildPhase;
			buildActionMask = 2147483647;
			files = (
			);
			inputPaths = (
			);
			name = "Compile Sources (MOE)";
			outputPaths = (
			);
			runOnlyForDeploymentPostprocessing = 0;
			shellPath = /bin/bash;
			shellScript = "\n# Check directories set by xcconfigs\nif [ ! -d \"$MOE_PROJECT_DIR\" ]; then\n    echo \"$0:$LINENO:1: error: 'MOE_PROJECT_DIR' doesn't point to a directory!\"; exit 1;\nfi\nif [ ! -d \"$MOE_PROJECT_BUILD_DIR\" ]; then\n    echo \"$0:$LINENO:1: error: 'MOE_PROJECT_BUILD_DIR' doesn't point to a directory!\"; exit 1;\nfi\n\ncd \"$MOE_PROJECT_DIR/\"\n\nexport JAVA_HOME=$(/usr/libexec/java_home -v 1.8)\njava -version\n\n########################\n# Find Gradle\n########################\nfunction findGradle {\n\tCD=\"$PWD\"\n\twhile [ \"$CD\" != \"\" ]; do\n\t\techo \"Looking for gradlew in $CD\"\n\t\tif [ -x \"$CD/gradlew\" ]; then\n\t\t\tGRADLE_EXEC=$CD/gradlew\n\t\t\treturn 0\n\t\tfi\n\t\tCD=\"${CD%/*}\"\n\tdone\n\n\tDEFAULT_PATH=$(echo $PATH)\n\tsource ~/.bash_profile\n\texport PATH=$PATH:DEFAULT_PATH\n\n\techo \"Checking with 'which'\"\n\tGRADLE_EXEC=$(which 'gradle')\n\n\tif [ \"$GRADLE_EXEC\" = \"\" ]; then\n\t\techo \"Falling back to '/usr/local/bin/gradle'\"\n\t\tGRADLE_EXEC=/usr/local/bin/gradle\n\tfi\n}\n########################\n# Execute Gradle build\n########################\nif [ -z \"$MOE_GRADLE_EXTERNAL_BUILD\" ]; then\n    findGradle\n\n    \"$GRADLE_EXEC\" --daemon moeXcodeInternal\nfi\n";
		};
/* End PBXShellScriptBuildPhase section */

/* Begin PBXSourcesBuildPhase section */
		49E1461F5274A76199185B22 /* Sources */ = {
			isa = PBXSourcesBuildPhase;
			buildActionMask = 2147483647;
			files = (
				704D32FAC9702A7BD19D6D42 /* main.cpp in Sources */,
			);
			runOnlyForDeploymentPostprocessing = 0;
		};
		732BE55EB15DFF57DD1EA27E /* Sources */ = {
			isa = PBXSourcesBuildPhase;
			buildActionMask = 2147483647;
			files = (
				99AFC9D41D8026690096C000 /* CounterService.m in Sources */,
				99AFC9D31D8026690096C000 /* AppDelegate.m in Sources */,
				99AFC9D51D8026690096C000 /* ViewController.m in Sources */,
				4A2AB8EA2AFCBCED84EED8F9 /* main.cpp in Sources */,
			);
			runOnlyForDeploymentPostprocessing = 0;
		};
/* End PBXSourcesBuildPhase section */

/* Begin XCBuildConfiguration section */
		5B6E6F7FBA93F915F453F4BE /* Release */ = {
			isa = XCBuildConfiguration;
			baseConfigurationReference = F40D84FDE9D40DF55B78DB76 /* build.xcconfig */;
			buildSettings = {
				DEAD_CODE_STRIPPING = NO;
				EMBEDDED_CONTENT_CONTAINS_SWIFT = NO;
				FRAMEWORK_SEARCH_PATHS = "$(inherited)";
				INFOPLIST_FILE = "ios-Test/Info-Test.plist";
				LD_RUNPATH_SEARCH_PATHS = "$(inherited) @executable_path/Frameworks";
				OTHER_LDFLAGS = "${MOE_OTHER_LDFLAGS}";
				PRODUCT_NAME = "ios-Test";
				STRIP_STYLE = "non-global";
			};
			name = Release;
		};
		715784CD0B5F4B0F2BD5958D /* Debug */ = {
			isa = XCBuildConfiguration;
			baseConfigurationReference = F40D84FDE9D40DF55B78DB76 /* build.xcconfig */;
			buildSettings = {
				DEAD_CODE_STRIPPING = NO;
				EMBEDDED_CONTENT_CONTAINS_SWIFT = NO;
				FRAMEWORK_SEARCH_PATHS = "$(inherited)";
				INFOPLIST_FILE = "ios-Test/Info-Test.plist";
				LD_RUNPATH_SEARCH_PATHS = "$(inherited) @executable_path/Frameworks";
				OTHER_LDFLAGS = "${MOE_OTHER_LDFLAGS}";
				PRODUCT_NAME = "ios-Test";
				STRIP_STYLE = "non-global";
			};
			name = Debug;
		};
		77748F17B0AE8BDCEB8CB312 /* Release */ = {
			isa = XCBuildConfiguration;
			buildSettings = {
				ALWAYS_SEARCH_USER_PATHS = NO;
				CLANG_CXX_LANGUAGE_STANDARD = "gnu++0x";
				CLANG_CXX_LIBRARY = "libc++";
				CLANG_ENABLE_MODULES = YES;
				CLANG_ENABLE_OBJC_ARC = YES;
				CLANG_WARN_BOOL_CONVERSION = YES;
				CLANG_WARN_CONSTANT_CONVERSION = YES;
				CLANG_WARN_DIRECT_OBJC_ISA_USAGE = YES_ERROR;
				CLANG_WARN_EMPTY_BODY = YES;
				CLANG_WARN_ENUM_CONVERSION = YES;
				CLANG_WARN_INT_CONVERSION = YES;
				CLANG_WARN_OBJC_ROOT_CLASS = YES_ERROR;
				CLANG_WARN_UNREACHABLE_CODE = YES;
				CLANG_WARN__DUPLICATE_METHOD_MATCH = YES;
				"CODE_SIGN_IDENTITY[sdk=iphoneos*]" = "iPhone Developer";
				COPY_PHASE_STRIP = YES;
				ENABLE_NS_ASSERTIONS = NO;
				ENABLE_STRICT_OBJC_MSGSEND = YES;
				FRAMEWORK_SEARCH_PATHS = (
					"$(inherited)",
					"${MOE_FRAMEWORK_PATH}",
				);
				GCC_C_LANGUAGE_STANDARD = gnu99;
				GCC_WARN_64_TO_32_BIT_CONVERSION = YES;
				GCC_WARN_ABOUT_RETURN_TYPE = YES_ERROR;
				GCC_WARN_UNDECLARED_SELECTOR = YES;
				GCC_WARN_UNINITIALIZED_AUTOS = YES_AGGRESSIVE;
				GCC_WARN_UNUSED_FUNCTION = YES;
				GCC_WARN_UNUSED_VARIABLE = YES;
				IPHONEOS_DEPLOYMENT_TARGET = 8.0;
				LD_RUNPATH_SEARCH_PATHS = "$(inherited) @executable_path/Frameworks";
				MTL_ENABLE_DEBUG_INFO = NO;
				SDKROOT = iphoneos;
				SYMROOT = "$(SRCROOT)/../build/moe/xcodebuild/sym";
				TARGETED_DEVICE_FAMILY = "1,2";
				VALIDATE_PRODUCT = YES;
			};
			name = Release;
		};
		8426EBA86293BE187AC290E9 /* Debug */ = {
			isa = XCBuildConfiguration;
			baseConfigurationReference = EB9330C74504295E4C61ADB3 /* build.xcconfig */;
			buildSettings = {
				DEAD_CODE_STRIPPING = NO;
				EMBEDDED_CONTENT_CONTAINS_SWIFT = NO;
				FRAMEWORK_SEARCH_PATHS = "$(inherited)";
				INFOPLIST_FILE = ../src/main/resources/Info.plist;
				LD_RUNPATH_SEARCH_PATHS = "$(inherited) @executable_path/Frameworks";
				OTHER_LDFLAGS = "${MOE_OTHER_LDFLAGS}";
				PRODUCT_NAME = ios;
				STRIP_STYLE = "non-global";
			};
			name = Debug;
		};
		A61D413147BCCDD783A98EF7 /* Debug */ = {
			isa = XCBuildConfiguration;
			buildSettings = {
				ALWAYS_SEARCH_USER_PATHS = NO;
				CLANG_CXX_LANGUAGE_STANDARD = "gnu++0x";
				CLANG_CXX_LIBRARY = "libc++";
				CLANG_ENABLE_MODULES = YES;
				CLANG_ENABLE_OBJC_ARC = YES;
				CLANG_WARN_BOOL_CONVERSION = YES;
				CLANG_WARN_CONSTANT_CONVERSION = YES;
				CLANG_WARN_DIRECT_OBJC_ISA_USAGE = YES_ERROR;
				CLANG_WARN_EMPTY_BODY = YES;
				CLANG_WARN_ENUM_CONVERSION = YES;
				CLANG_WARN_INT_CONVERSION = YES;
				CLANG_WARN_OBJC_ROOT_CLASS = YES_ERROR;
				CLANG_WARN_UNREACHABLE_CODE = YES;
				CLANG_WARN__DUPLICATE_METHOD_MATCH = YES;
				"CODE_SIGN_IDENTITY[sdk=iphoneos*]" = "iPhone Developer";
				COPY_PHASE_STRIP = NO;
				ENABLE_STRICT_OBJC_MSGSEND = YES;
				FRAMEWORK_SEARCH_PATHS = (
					"$(inherited)",
					"${MOE_FRAMEWORK_PATH}",
				);
				GCC_C_LANGUAGE_STANDARD = gnu99;
				GCC_DYNAMIC_NO_PIC = NO;
				GCC_OPTIMIZATION_LEVEL = 0;
				GCC_PREPROCESSOR_DEFINITIONS = (
					"DEBUG=1",
					"$(inherited)",
				);
				GCC_SYMBOLS_PRIVATE_EXTERN = NO;
				GCC_WARN_64_TO_32_BIT_CONVERSION = YES;
				GCC_WARN_ABOUT_RETURN_TYPE = YES_ERROR;
				GCC_WARN_UNDECLARED_SELECTOR = YES;
				GCC_WARN_UNINITIALIZED_AUTOS = YES_AGGRESSIVE;
				GCC_WARN_UNUSED_FUNCTION = YES;
				GCC_WARN_UNUSED_VARIABLE = YES;
				IPHONEOS_DEPLOYMENT_TARGET = 8.0;
				LD_RUNPATH_SEARCH_PATHS = "$(inherited) @executable_path/Frameworks";
				MTL_ENABLE_DEBUG_INFO = YES;
				SDKROOT = iphoneos;
				SYMROOT = "$(SRCROOT)/../build/moe/xcodebuild/sym";
				TARGETED_DEVICE_FAMILY = "1,2";
			};
			name = Debug;
		};
		A67B1FC48A05D881A339316C /* Release */ = {
			isa = XCBuildConfiguration;
			baseConfigurationReference = EB9330C74504295E4C61ADB3 /* build.xcconfig */;
			buildSettings = {
				DEAD_CODE_STRIPPING = NO;
				EMBEDDED_CONTENT_CONTAINS_SWIFT = NO;
				FRAMEWORK_SEARCH_PATHS = "$(inherited)";
				INFOPLIST_FILE = ../src/main/resources/Info.plist;
				LD_RUNPATH_SEARCH_PATHS = "$(inherited) @executable_path/Frameworks";
				OTHER_LDFLAGS = "${MOE_OTHER_LDFLAGS}";
				PRODUCT_NAME = ios;
				STRIP_STYLE = "non-global";
			};
			name = Release;
		};
/* End XCBuildConfiguration section */

/* Begin XCConfigurationList section */
		61ABE1DDCF1A01F3AF3A8FBC /* Build configuration list for PBXNativeTarget "ios-Test" */ = {
			isa = XCConfigurationList;
			buildConfigurations = (
				715784CD0B5F4B0F2BD5958D /* Debug */,
				5B6E6F7FBA93F915F453F4BE /* Release */,
			);
			defaultConfigurationIsVisible = 0;
			defaultConfigurationName = Release;
		};
		8433251B88D3F5A50E3CFF89 /* Build configuration list for PBXNativeTarget "ios" */ = {
			isa = XCConfigurationList;
			buildConfigurations = (
				8426EBA86293BE187AC290E9 /* Debug */,
				A67B1FC48A05D881A339316C /* Release */,
			);
			defaultConfigurationIsVisible = 0;
			defaultConfigurationName = Release;
		};
		E574CB8C278FB50AC6F81147 /* Build configuration list for PBXProject "ios" */ = {
			isa = XCConfigurationList;
			buildConfigurations = (
				A61D413147BCCDD783A98EF7 /* Debug */,
				77748F17B0AE8BDCEB8CB312 /* Release */,
			);
			defaultConfigurationIsVisible = 0;
			defaultConfigurationName = Release;
		};
/* End XCConfigurationList section */
	};
	rootObject = 474E104EA723F8EB5DF5E9FB /* Project object */;
}
