// !$*UTF8*$!
{
	archiveVersion = 1;
	classes = {
	};
	objectVersion = 46;
	objects = {

/* Begin PBXBuildFile section */
		044D5333F92CC0EE94CD0F7D /* MOE.framework in Frameworks */ = {isa = PBXBuildFile; fileRef = A0EB202A8DBF2D8D980D80D6 /* MOE.framework */; };
		07C2C859250843D590B692DE /* LaunchScreen.xib in Resources */ = {isa = PBXBuildFile; fileRef = C87137C7750353A549005A8A /* LaunchScreen.xib */; };
		113895DB6548BC0C930A56B9 /* intel_logo.png in Resources */ = {isa = PBXBuildFile; fileRef = 2A1F8181EEFA2EF3079C2365 /* intel_logo.png */; };
		198742B78E62180A9676574D /* Info.plist in Resources */ = {isa = PBXBuildFile; fileRef = A06D65936FE21C68E824C6AF /* Info.plist */; };
		3159B180F0BC380D7E912FB9 /* application.jar in Resources */ = {isa = PBXBuildFile; fileRef = E1CA938E1459C0A9CC4C8F01 /* application.jar */; };
		61B8F4162DFCC6EF9D28C793 /* preregister.txt in Resources */ = {isa = PBXBuildFile; fileRef = D311CFF5D65C9DAB32F77A58 /* preregister.txt */; };
		6FF0A07A58C7F7D4D2D72F33 /* MainUI.storyboard in Resources */ = {isa = PBXBuildFile; fileRef = 88D55308322C909F69DDC1FD /* MainUI.storyboard */; };
		753D46E2F9AD2401E9829663 /* MOE.framework in Embed Frameworks */ = {isa = PBXBuildFile; fileRef = A0EB202A8DBF2D8D980D80D6 /* MOE.framework */; settings = {ATTRIBUTES = (CodeSignOnCopy, RemoveHeadersOnCopy, ); }; };
		7A5FAB819539F76F9E77E115 /* MOE.framework in Frameworks */ = {isa = PBXBuildFile; fileRef = A0EB202A8DBF2D8D980D80D6 /* MOE.framework */; };
		8ED7438C3B831ACFB1FD9005 /* main.cpp in Sources */ = {isa = PBXBuildFile; fileRef = C75015B222B397CDE0B9B297 /* main.cpp */; };
		956E9845F55D3CACE181954E /* classlist.txt in Resources */ = {isa = PBXBuildFile; fileRef = 98105D3C8BCFD9298CC408B5 /* classlist.txt */; };
		A96EDDECAC839D95D34D0198 /* main.cpp in Sources */ = {isa = PBXBuildFile; fileRef = C75015B222B397CDE0B9B297 /* main.cpp */; };
		B820926FF65815BC1AFB7045 /* application.jar in Resources */ = {isa = PBXBuildFile; fileRef = 2A8D08E4ECB44564F4B14FDE /* application.jar */; };
		C8DACDAEC2DA0D4FC2536204 /* preregister.txt in Resources */ = {isa = PBXBuildFile; fileRef = 06A93D17548034E304A811AD /* preregister.txt */; };
		C96DA7301CDCA9A500A24E74 /* AppDelegate.m in Sources */ = {isa = PBXBuildFile; fileRef = C96DA72A1CDCA9A500A24E74 /* AppDelegate.m */; };
		C96DA7311CDCA9A500A24E74 /* CounterService.m in Sources */ = {isa = PBXBuildFile; fileRef = C96DA72C1CDCA9A500A24E74 /* CounterService.m */; };
		C96DA7321CDCA9A500A24E74 /* ViewController.m in Sources */ = {isa = PBXBuildFile; fileRef = C96DA72F1CDCA9A500A24E74 /* ViewController.m */; };
		F462FE2D0CC6796C0515814F /* MOE.framework in Embed Frameworks */ = {isa = PBXBuildFile; fileRef = A0EB202A8DBF2D8D980D80D6 /* MOE.framework */; settings = {ATTRIBUTES = (CodeSignOnCopy, RemoveHeadersOnCopy, ); }; };
/* End PBXBuildFile section */

/* Begin PBXCopyFilesBuildPhase section */
		250F0CFCAC636093A7C7FE1E /* Embed Frameworks */ = {
			isa = PBXCopyFilesBuildPhase;
			buildActionMask = 2147483647;
			dstPath = "";
			dstSubfolderSpec = 10;
			files = (
				753D46E2F9AD2401E9829663 /* MOE.framework in Embed Frameworks */,
			);
			name = "Embed Frameworks";
			runOnlyForDeploymentPostprocessing = 0;
		};
		6DBBF54AA8936ED799A79C88 /* Embed Frameworks */ = {
			isa = PBXCopyFilesBuildPhase;
			buildActionMask = 2147483647;
			dstPath = "";
			dstSubfolderSpec = 10;
			files = (
				F462FE2D0CC6796C0515814F /* MOE.framework in Embed Frameworks */,
			);
			name = "Embed Frameworks";
			runOnlyForDeploymentPostprocessing = 0;
		};
/* End PBXCopyFilesBuildPhase section */

/* Begin PBXFileReference section */
		06A93D17548034E304A811AD /* preregister.txt */ = {isa = PBXFileReference; lastKnownFileType = text; name = preregister.txt; path = ../build/moe/test/preregister.txt; sourceTree = SOURCE_ROOT; };
		2A1F8181EEFA2EF3079C2365 /* intel_logo.png */ = {isa = PBXFileReference; lastKnownFileType = image.png; name = intel_logo.png; path = ../src/main/resources/intel_logo.png; sourceTree = SOURCE_ROOT; };
		2A8D08E4ECB44564F4B14FDE /* application.jar */ = {isa = PBXFileReference; lastKnownFileType = archive.jar; name = application.jar; path = ../build/moe/test/application.jar; sourceTree = SOURCE_ROOT; };
		78551A5C849199C0A13EEF5C /* Info-Test.plist */ = {isa = PBXFileReference; lastKnownFileType = text.plist.xml; name = "Info-Test.plist"; path = "ios-Test/Info-Test.plist"; sourceTree = "<group>"; };
		7A64AB94D9C67E6E8E5112E2 /* ios.app */ = {isa = PBXFileReference; explicitFileType = wrapper.application; includeInIndex = 0; path = ios.app; sourceTree = BUILT_PRODUCTS_DIR; };
		7B67DB4B8AFE621EAF15E4C3 /* build.xcconfig */ = {isa = PBXFileReference; lastKnownFileType = text.xcconfig; path = build.xcconfig; sourceTree = "<group>"; };
		88D55308322C909F69DDC1FD /* MainUI.storyboard */ = {isa = PBXFileReference; lastKnownFileType = file.storyboard; name = MainUI.storyboard; path = ../src/main/resources/MainUI.storyboard; sourceTree = SOURCE_ROOT; };
		98105D3C8BCFD9298CC408B5 /* classlist.txt */ = {isa = PBXFileReference; lastKnownFileType = text; name = classlist.txt; path = ../build/moe/test/classlist.txt; sourceTree = SOURCE_ROOT; };
		A06D65936FE21C68E824C6AF /* Info.plist */ = {isa = PBXFileReference; lastKnownFileType = text.plist.xml; name = Info.plist; path = ../src/main/resources/Info.plist; sourceTree = SOURCE_ROOT; };
		A0EB202A8DBF2D8D980D80D6 /* MOE.framework */ = {isa = PBXFileReference; lastKnownFileType = wrapper.framework; path = MOE.framework; sourceTree = MOE_FRAMEWORK_PATH; };
		A1E496EC0A0DE0BC736122B2 /* ios-Test.app */ = {isa = PBXFileReference; explicitFileType = wrapper.application; includeInIndex = 0; path = "ios-Test.app"; sourceTree = BUILT_PRODUCTS_DIR; };
		C75015B222B397CDE0B9B297 /* main.cpp */ = {isa = PBXFileReference; lastKnownFileType = sourcecode.cpp.cpp; path = main.cpp; sourceTree = "<group>"; };
		C87137C7750353A549005A8A /* LaunchScreen.xib */ = {isa = PBXFileReference; lastKnownFileType = file.xib; name = LaunchScreen.xib; path = ../src/main/resources/LaunchScreen.xib; sourceTree = SOURCE_ROOT; };
		C96DA7291CDCA9A500A24E74 /* AppDelegate.h */ = {isa = PBXFileReference; fileEncoding = 4; lastKnownFileType = sourcecode.c.h; path = AppDelegate.h; sourceTree = "<group>"; };
		C96DA72A1CDCA9A500A24E74 /* AppDelegate.m */ = {isa = PBXFileReference; fileEncoding = 4; lastKnownFileType = sourcecode.c.objc; path = AppDelegate.m; sourceTree = "<group>"; };
		C96DA72B1CDCA9A500A24E74 /* CounterService.h */ = {isa = PBXFileReference; fileEncoding = 4; lastKnownFileType = sourcecode.c.h; path = CounterService.h; sourceTree = "<group>"; };
		C96DA72C1CDCA9A500A24E74 /* CounterService.m */ = {isa = PBXFileReference; fileEncoding = 4; lastKnownFileType = sourcecode.c.objc; path = CounterService.m; sourceTree = "<group>"; };
		C96DA72D1CDCA9A500A24E74 /* jni.h */ = {isa = PBXFileReference; fileEncoding = 4; lastKnownFileType = sourcecode.c.h; path = jni.h; sourceTree = "<group>"; };
		C96DA72E1CDCA9A500A24E74 /* ViewController.h */ = {isa = PBXFileReference; fileEncoding = 4; lastKnownFileType = sourcecode.c.h; path = ViewController.h; sourceTree = "<group>"; };
		C96DA72F1CDCA9A500A24E74 /* ViewController.m */ = {isa = PBXFileReference; fileEncoding = 4; lastKnownFileType = sourcecode.c.objc; path = ViewController.m; sourceTree = "<group>"; };
		D311CFF5D65C9DAB32F77A58 /* preregister.txt */ = {isa = PBXFileReference; lastKnownFileType = text; name = preregister.txt; path = ../build/moe/main/preregister.txt; sourceTree = SOURCE_ROOT; };
		E1CA938E1459C0A9CC4C8F01 /* application.jar */ = {isa = PBXFileReference; lastKnownFileType = archive.jar; name = application.jar; path = ../build/moe/main/application.jar; sourceTree = SOURCE_ROOT; };
		EEE43EDA6C65F6899FE5BD31 /* build.xcconfig */ = {isa = PBXFileReference; lastKnownFileType = text.xcconfig; path = build.xcconfig; sourceTree = "<group>"; };
/* End PBXFileReference section */

/* Begin PBXFrameworksBuildPhase section */
		81C577EA199FB518950D8E45 /* Frameworks */ = {
			isa = PBXFrameworksBuildPhase;
			buildActionMask = 2147483647;
			files = (
				044D5333F92CC0EE94CD0F7D /* MOE.framework in Frameworks */,
			);
			runOnlyForDeploymentPostprocessing = 0;
		};
		B8E0FE2C9B82EA537FE368C2 /* Frameworks */ = {
			isa = PBXFrameworksBuildPhase;
			buildActionMask = 2147483647;
			files = (
				7A5FAB819539F76F9E77E115 /* MOE.framework in Frameworks */,
			);
			runOnlyForDeploymentPostprocessing = 0;
		};
/* End PBXFrameworksBuildPhase section */

/* Begin PBXGroup section */
		184E86743C4100021F014B84 /* ios-Test */ = {
			isa = PBXGroup;
			children = (
				B29049A71FB713DF31BA4D94 /* Supporting Files */,
			);
			path = "ios-Test";
			sourceTree = "<group>";
		};
		2E4E41CDBF0BA671168D249F /* Products */ = {
			isa = PBXGroup;
			children = (
				7A64AB94D9C67E6E8E5112E2 /* ios.app */,
				A1E496EC0A0DE0BC736122B2 /* ios-Test.app */,
			);
			path = Products;
			sourceTree = "<group>";
		};
		3E2048B4AD3D5F46DF6F4DA8 /* ios */ = {
			isa = PBXGroup;
			children = (
				C477E09E7A924960E2ED7A11 /* Supporting Files */,
			);
			path = ios;
			sourceTree = "<group>";
		};
		5FD3034C91FD507A3A2A2367 = {
			isa = PBXGroup;
			children = (
				3E2048B4AD3D5F46DF6F4DA8 /* ios */,
				184E86743C4100021F014B84 /* ios-Test */,
				7EBAFFC60FC2B252B0FB921D /* Frameworks */,
				2E4E41CDBF0BA671168D249F /* Products */,
			);
			sourceTree = "<group>";
		};
		7EBAFFC60FC2B252B0FB921D /* Frameworks */ = {
			isa = PBXGroup;
			children = (
				A0EB202A8DBF2D8D980D80D6 /* MOE.framework */,
			);
			path = Frameworks;
			sourceTree = "<group>";
		};
		B29049A71FB713DF31BA4D94 /* Supporting Files */ = {
			isa = PBXGroup;
			children = (
				EEE43EDA6C65F6899FE5BD31 /* build.xcconfig */,
				78551A5C849199C0A13EEF5C /* Info-Test.plist */,
				06A93D17548034E304A811AD /* preregister.txt */,
				2A8D08E4ECB44564F4B14FDE /* application.jar */,
				98105D3C8BCFD9298CC408B5 /* classlist.txt */,
			);
			name = "Supporting Files";
			sourceTree = "<group>";
		};
		C477E09E7A924960E2ED7A11 /* Supporting Files */ = {
			isa = PBXGroup;
			children = (
				C96DA7291CDCA9A500A24E74 /* AppDelegate.h */,
				C96DA72A1CDCA9A500A24E74 /* AppDelegate.m */,
				C96DA72B1CDCA9A500A24E74 /* CounterService.h */,
				C96DA72C1CDCA9A500A24E74 /* CounterService.m */,
				C96DA72D1CDCA9A500A24E74 /* jni.h */,
				C96DA72E1CDCA9A500A24E74 /* ViewController.h */,
				C96DA72F1CDCA9A500A24E74 /* ViewController.m */,
				C75015B222B397CDE0B9B297 /* main.cpp */,
				7B67DB4B8AFE621EAF15E4C3 /* build.xcconfig */,
				D311CFF5D65C9DAB32F77A58 /* preregister.txt */,
				E1CA938E1459C0A9CC4C8F01 /* application.jar */,
				A06D65936FE21C68E824C6AF /* Info.plist */,
				C87137C7750353A549005A8A /* LaunchScreen.xib */,
				2A1F8181EEFA2EF3079C2365 /* intel_logo.png */,
				88D55308322C909F69DDC1FD /* MainUI.storyboard */,
			);
			name = "Supporting Files";
			sourceTree = "<group>";
		};
/* End PBXGroup section */

/* Begin PBXNativeTarget section */
		AF0032EE067102CD619A15D7 /* ios */ = {
			isa = PBXNativeTarget;
			buildConfigurationList = 19473CD135B6C53E6A0D16C2 /* Build configuration list for PBXNativeTarget "ios" */;
			buildPhases = (
				844B8759395EDA9536B56C3C /* Compile Sources (MOE) */,
				B8E0FE2C9B82EA537FE368C2 /* Frameworks */,
				2849B41DE5F79E4343027FF6 /* Resources */,
				3FA57AE035C17AFD8898B78E /* Sources */,
				250F0CFCAC636093A7C7FE1E /* Embed Frameworks */,
			);
			buildRules = (
			);
			name = ios;
			productName = ios;
			productReference = 7A64AB94D9C67E6E8E5112E2 /* ios.app */;
			productType = "com.apple.product-type.application";
		};
		F123245D1A5354590C71E2FC /* ios-Test */ = {
			isa = PBXNativeTarget;
			buildConfigurationList = 88F68607E80BD83EFD13B9F7 /* Build configuration list for PBXNativeTarget "ios-Test" */;
			buildPhases = (
				60F1E03B87071DFEEC444829 /* Compile Sources (MOE) */,
				81C577EA199FB518950D8E45 /* Frameworks */,
				73BF0534F6FA2F528F859F01 /* Resources */,
				7CE79541E574539F5126D1BE /* Sources */,
				6DBBF54AA8936ED799A79C88 /* Embed Frameworks */,
			);
			buildRules = (
			);
			name = "ios-Test";
			productName = "ios-Test";
			productReference = A1E496EC0A0DE0BC736122B2 /* ios-Test.app */;
			productType = "com.apple.product-type.application";
		};
/* End PBXNativeTarget section */

/* Begin PBXProject section */
		49CBA2B5338E894828CE0EDE /* Project object */ = {
			isa = PBXProject;
			attributes = {
				ORGANIZATIONNAME = "";
			};
			buildConfigurationList = B93B906FD117461D510AB135 /* Build configuration list for PBXProject "ios" */;
			compatibilityVersion = "Xcode 3.2";
			developmentRegion = English;
			hasScannedForEncodings = 0;
			knownRegions = (
				en,
				Base,
			);
			mainGroup = 5FD3034C91FD507A3A2A2367;
			productRefGroup = 2E4E41CDBF0BA671168D249F /* Products */;
			projectDirPath = "";
			projectRoot = "";
			targets = (
				AF0032EE067102CD619A15D7 /* ios */,
				F123245D1A5354590C71E2FC /* ios-Test */,
			);
		};
/* End PBXProject section */

/* Begin PBXResourcesBuildPhase section */
		2849B41DE5F79E4343027FF6 /* Resources */ = {
			isa = PBXResourcesBuildPhase;
			buildActionMask = 2147483647;
			files = (
				61B8F4162DFCC6EF9D28C793 /* preregister.txt in Resources */,
				3159B180F0BC380D7E912FB9 /* application.jar in Resources */,
				198742B78E62180A9676574D /* Info.plist in Resources */,
				07C2C859250843D590B692DE /* LaunchScreen.xib in Resources */,
				113895DB6548BC0C930A56B9 /* intel_logo.png in Resources */,
				6FF0A07A58C7F7D4D2D72F33 /* MainUI.storyboard in Resources */,
			);
			runOnlyForDeploymentPostprocessing = 0;
		};
		73BF0534F6FA2F528F859F01 /* Resources */ = {
			isa = PBXResourcesBuildPhase;
			buildActionMask = 2147483647;
			files = (
				C8DACDAEC2DA0D4FC2536204 /* preregister.txt in Resources */,
				B820926FF65815BC1AFB7045 /* application.jar in Resources */,
				956E9845F55D3CACE181954E /* classlist.txt in Resources */,
			);
			runOnlyForDeploymentPostprocessing = 0;
		};
/* End PBXResourcesBuildPhase section */

/* Begin PBXShellScriptBuildPhase section */
		60F1E03B87071DFEEC444829 /* Compile Sources (MOE) */ = {
			isa = PBXShellScriptBuildPhase;
			buildActionMask = 2147483647;
			files = (
			);
			inputPaths = (
			);
			name = "Compile Sources (MOE)";
			outputPaths = (
			);
			runOnlyForDeploymentPostprocessing = 0;
			shellPath = /bin/bash;
			shellScript = "cd \"${SRCROOT}/..\"\n\nexport JAVA_HOME=$(/usr/libexec/java_home -v 1.8)\njava -version\n\n########################\n# Find Gradle\n########################\nfunction findGradle {\n\tCD=\"$PWD\"\n\twhile [ \"$CD\" != \"\" ]; do\n\t\techo \"Looking for gradlew in $CD\"\n\t\tif [ -x \"$CD/gradlew\" ]; then\n\t\t\tGRADLE_EXEC=$CD/gradlew\n\t\t\treturn 0\n\t\tfi\n\t\tCD=\"${CD%/*}\"\n\tdone\n\n\tDEFAULT_PATH=$(echo $PATH)\n\tsource ~/.bash_profile\n\texport PATH=$PATH:DEFAULT_PATH\n\n\techo \"Checking with 'which'\"\n\tGRADLE_EXEC=$(which 'gradle')\n\n\tif [ \"$GRADLE_EXEC\" = \"\" ]; then\n\t\techo \"Falling back to '/usr/local/bin/gradle'\"\n\t\tGRADLE_EXEC=/usr/local/bin/gradle\n\tfi\n}\n########################\n# Execute Gradle build\n########################\nif [ -z \"$MOE_GRADLE_EXTERNAL_BUILD\" ]; then\n    findGradle\n\n    export MOE_BUILD_SOURCE_SET=test\n    \"$GRADLE_EXEC\" --daemon moeXcodeInternal\nfi\n";
		};
		844B8759395EDA9536B56C3C /* Compile Sources (MOE) */ = {
			isa = PBXShellScriptBuildPhase;
			buildActionMask = 2147483647;
			files = (
			);
			inputPaths = (
			);
			name = "Compile Sources (MOE)";
			outputPaths = (
			);
			runOnlyForDeploymentPostprocessing = 0;
			shellPath = /bin/bash;
			shellScript = "cd \"${SRCROOT}/..\"\n\nexport JAVA_HOME=$(/usr/libexec/java_home -v 1.8)\njava -version\n\n########################\n# Find Gradle\n########################\nfunction findGradle {\n\tCD=\"$PWD\"\n\twhile [ \"$CD\" != \"\" ]; do\n\t\techo \"Looking for gradlew in $CD\"\n\t\tif [ -x \"$CD/gradlew\" ]; then\n\t\t\tGRADLE_EXEC=$CD/gradlew\n\t\t\treturn 0\n\t\tfi\n\t\tCD=\"${CD%/*}\"\n\tdone\n\n\tDEFAULT_PATH=$(echo $PATH)\n\tsource ~/.bash_profile\n\texport PATH=$PATH:DEFAULT_PATH\n\n\techo \"Checking with 'which'\"\n\tGRADLE_EXEC=$(which 'gradle')\n\n\tif [ \"$GRADLE_EXEC\" = \"\" ]; then\n\t\techo \"Falling back to '/usr/local/bin/gradle'\"\n\t\tGRADLE_EXEC=/usr/local/bin/gradle\n\tfi\n}\n########################\n# Execute Gradle build\n########################\nif [ -z \"$MOE_GRADLE_EXTERNAL_BUILD\" ]; then\n    findGradle\n\n    \"$GRADLE_EXEC\" --daemon moeXcodeInternal\nfi\n";
		};
/* End PBXShellScriptBuildPhase section */

/* Begin PBXSourcesBuildPhase section */
		3FA57AE035C17AFD8898B78E /* Sources */ = {
			isa = PBXSourcesBuildPhase;
			buildActionMask = 2147483647;
			files = (
				C96DA7311CDCA9A500A24E74 /* CounterService.m in Sources */,
				C96DA7301CDCA9A500A24E74 /* AppDelegate.m in Sources */,
				C96DA7321CDCA9A500A24E74 /* ViewController.m in Sources */,
				8ED7438C3B831ACFB1FD9005 /* main.cpp in Sources */,
			);
			runOnlyForDeploymentPostprocessing = 0;
		};
		7CE79541E574539F5126D1BE /* Sources */ = {
			isa = PBXSourcesBuildPhase;
			buildActionMask = 2147483647;
			files = (
				A96EDDECAC839D95D34D0198 /* main.cpp in Sources */,
			);
			runOnlyForDeploymentPostprocessing = 0;
		};
/* End PBXSourcesBuildPhase section */

/* Begin XCBuildConfiguration section */
		007317EE2E4BA317FA66CCE5 /* Release */ = {
			isa = XCBuildConfiguration;
			baseConfigurationReference = 7B67DB4B8AFE621EAF15E4C3 /* build.xcconfig */;
			buildSettings = {
				DEAD_CODE_STRIPPING = NO;
				EMBEDDED_CONTENT_CONTAINS_SWIFT = NO;
				FRAMEWORK_SEARCH_PATHS = "$(inherited)";
				INFOPLIST_FILE = ../src/main/resources/Info.plist;
				LD_RUNPATH_SEARCH_PATHS = "$(inherited) @executable_path/Frameworks";
				OTHER_LDFLAGS = "${MOE_OTHER_LDFLAGS}";
				PRODUCT_NAME = ios;
				STRIP_STYLE = "non-global";
			};
			name = Release;
		};
		2087FD9D8A63164BDC95B2B0 /* Debug */ = {
			isa = XCBuildConfiguration;
			baseConfigurationReference = 7B67DB4B8AFE621EAF15E4C3 /* build.xcconfig */;
			buildSettings = {
				DEAD_CODE_STRIPPING = NO;
				EMBEDDED_CONTENT_CONTAINS_SWIFT = NO;
				FRAMEWORK_SEARCH_PATHS = "$(inherited)";
				INFOPLIST_FILE = ../src/main/resources/Info.plist;
				LD_RUNPATH_SEARCH_PATHS = "$(inherited) @executable_path/Frameworks";
				OTHER_LDFLAGS = "${MOE_OTHER_LDFLAGS}";
				PRODUCT_NAME = ios;
				STRIP_STYLE = "non-global";
			};
			name = Debug;
		};
		69C4EB9E2AE1A7004086593E /* Release */ = {
			isa = XCBuildConfiguration;
			buildSettings = {
				ALWAYS_SEARCH_USER_PATHS = NO;
				CLANG_CXX_LANGUAGE_STANDARD = "gnu++0x";
				CLANG_CXX_LIBRARY = "libc++";
				CLANG_ENABLE_MODULES = YES;
				CLANG_ENABLE_OBJC_ARC = YES;
				CLANG_WARN_BOOL_CONVERSION = YES;
				CLANG_WARN_CONSTANT_CONVERSION = YES;
				CLANG_WARN_DIRECT_OBJC_ISA_USAGE = YES_ERROR;
				CLANG_WARN_EMPTY_BODY = YES;
				CLANG_WARN_ENUM_CONVERSION = YES;
				CLANG_WARN_INT_CONVERSION = YES;
				CLANG_WARN_OBJC_ROOT_CLASS = YES_ERROR;
				CLANG_WARN_UNREACHABLE_CODE = YES;
				CLANG_WARN__DUPLICATE_METHOD_MATCH = YES;
				"CODE_SIGN_IDENTITY[sdk=iphoneos*]" = "iPhone Developer";
				COPY_PHASE_STRIP = YES;
				ENABLE_NS_ASSERTIONS = NO;
				ENABLE_STRICT_OBJC_MSGSEND = YES;
				FRAMEWORK_SEARCH_PATHS = (
					"$(inherited)",
					"${MOE_FRAMEWORK_PATH}",
				);
				GCC_C_LANGUAGE_STANDARD = gnu99;
				GCC_WARN_64_TO_32_BIT_CONVERSION = YES;
				GCC_WARN_ABOUT_RETURN_TYPE = YES_ERROR;
				GCC_WARN_UNDECLARED_SELECTOR = YES;
				GCC_WARN_UNINITIALIZED_AUTOS = YES_AGGRESSIVE;
				GCC_WARN_UNUSED_FUNCTION = YES;
				GCC_WARN_UNUSED_VARIABLE = YES;
				IPHONEOS_DEPLOYMENT_TARGET = "";
				LD_RUNPATH_SEARCH_PATHS = "$(inherited) @executable_path/Frameworks";
				MTL_ENABLE_DEBUG_INFO = NO;
				SDKROOT = iphoneos;
				SYMROOT = "/Volumes/job/git/moe-objc-java-samples/JNIFromObjC/build/moe/xcodebuild/sym";
				TARGETED_DEVICE_FAMILY = "1,2";
				VALIDATE_PRODUCT = YES;
			};
			name = Release;
		};
		69DB7DD7EF3ED37C702C56AE /* Debug */ = {
			isa = XCBuildConfiguration;
			baseConfigurationReference = EEE43EDA6C65F6899FE5BD31 /* build.xcconfig */;
			buildSettings = {
				DEAD_CODE_STRIPPING = NO;
				EMBEDDED_CONTENT_CONTAINS_SWIFT = NO;
				FRAMEWORK_SEARCH_PATHS = "$(inherited)";
				INFOPLIST_FILE = "Info-Test.plist";
				LD_RUNPATH_SEARCH_PATHS = "$(inherited) @executable_path/Frameworks";
				OTHER_LDFLAGS = "${MOE_OTHER_LDFLAGS}";
				PRODUCT_NAME = "ios-Test";
				STRIP_STYLE = "non-global";
			};
			name = Debug;
		};
		754C063F7C5285DE459AC199 /* Debug */ = {
			isa = XCBuildConfiguration;
			buildSettings = {
				ALWAYS_SEARCH_USER_PATHS = NO;
				CLANG_CXX_LANGUAGE_STANDARD = "gnu++0x";
				CLANG_CXX_LIBRARY = "libc++";
				CLANG_ENABLE_MODULES = YES;
				CLANG_ENABLE_OBJC_ARC = YES;
				CLANG_WARN_BOOL_CONVERSION = YES;
				CLANG_WARN_CONSTANT_CONVERSION = YES;
				CLANG_WARN_DIRECT_OBJC_ISA_USAGE = YES_ERROR;
				CLANG_WARN_EMPTY_BODY = YES;
				CLANG_WARN_ENUM_CONVERSION = YES;
				CLANG_WARN_INT_CONVERSION = YES;
				CLANG_WARN_OBJC_ROOT_CLASS = YES_ERROR;
				CLANG_WARN_UNREACHABLE_CODE = YES;
				CLANG_WARN__DUPLICATE_METHOD_MATCH = YES;
				"CODE_SIGN_IDENTITY[sdk=iphoneos*]" = "iPhone Developer";
				COPY_PHASE_STRIP = NO;
				ENABLE_STRICT_OBJC_MSGSEND = YES;
				FRAMEWORK_SEARCH_PATHS = (
					"$(inherited)",
					"${MOE_FRAMEWORK_PATH}",
				);
				GCC_C_LANGUAGE_STANDARD = gnu99;
				GCC_DYNAMIC_NO_PIC = NO;
				GCC_OPTIMIZATION_LEVEL = 0;
				GCC_PREPROCESSOR_DEFINITIONS = (
					"DEBUG=1",
					"$(inherited)",
				);
				GCC_SYMBOLS_PRIVATE_EXTERN = NO;
				GCC_WARN_64_TO_32_BIT_CONVERSION = YES;
				GCC_WARN_ABOUT_RETURN_TYPE = YES_ERROR;
				GCC_WARN_UNDECLARED_SELECTOR = YES;
				GCC_WARN_UNINITIALIZED_AUTOS = YES_AGGRESSIVE;
				GCC_WARN_UNUSED_FUNCTION = YES;
				GCC_WARN_UNUSED_VARIABLE = YES;
				IPHONEOS_DEPLOYMENT_TARGET = "";
				LD_RUNPATH_SEARCH_PATHS = "$(inherited) @executable_path/Frameworks";
				MTL_ENABLE_DEBUG_INFO = YES;
				SDKROOT = iphoneos;
				SYMROOT = "/Volumes/job/git/moe-objc-java-samples/JNIFromObjC/build/moe/xcodebuild/sym";
				TARGETED_DEVICE_FAMILY = "1,2";
			};
			name = Debug;
		};
		C6E4FC60D475F67846FDFC4A /* Release */ = {
			isa = XCBuildConfiguration;
			baseConfigurationReference = EEE43EDA6C65F6899FE5BD31 /* build.xcconfig */;
			buildSettings = {
				DEAD_CODE_STRIPPING = NO;
				EMBEDDED_CONTENT_CONTAINS_SWIFT = NO;
				FRAMEWORK_SEARCH_PATHS = "$(inherited)";
				INFOPLIST_FILE = "Info-Test.plist";
				LD_RUNPATH_SEARCH_PATHS = "$(inherited) @executable_path/Frameworks";
				OTHER_LDFLAGS = "${MOE_OTHER_LDFLAGS}";
				PRODUCT_NAME = "ios-Test";
				STRIP_STYLE = "non-global";
			};
			name = Release;
		};
/* End XCBuildConfiguration section */

/* Begin XCConfigurationList section */
		19473CD135B6C53E6A0D16C2 /* Build configuration list for PBXNativeTarget "ios" */ = {
			isa = XCConfigurationList;
			buildConfigurations = (
				2087FD9D8A63164BDC95B2B0 /* Debug */,
				007317EE2E4BA317FA66CCE5 /* Release */,
			);
			defaultConfigurationIsVisible = 0;
			defaultConfigurationName = Release;
		};
		88F68607E80BD83EFD13B9F7 /* Build configuration list for PBXNativeTarget "ios-Test" */ = {
			isa = XCConfigurationList;
			buildConfigurations = (
				69DB7DD7EF3ED37C702C56AE /* Debug */,
				C6E4FC60D475F67846FDFC4A /* Release */,
			);
			defaultConfigurationIsVisible = 0;
			defaultConfigurationName = Release;
		};
		B93B906FD117461D510AB135 /* Build configuration list for PBXProject "ios" */ = {
			isa = XCConfigurationList;
			buildConfigurations = (
				754C063F7C5285DE459AC199 /* Debug */,
				69C4EB9E2AE1A7004086593E /* Release */,
			);
			defaultConfigurationIsVisible = 0;
			defaultConfigurationName = Release;
		};
/* End XCConfigurationList section */
	};
	rootObject = 49CBA2B5338E894828CE0EDE /* Project object */;
}
